{
  "version": 4,
  "terraform_version": "1.4.0",
  "serial": 1164,
  "lineage": "1cc3364b-0699-eac8-d6b3-fb164ba02e0b",
  "outputs": {
    "alb_dns_name": {
      "value": "CloudChaser-demo-alb-403762167.ap-southeast-1.elb.amazonaws.com",
      "type": "string"
    },
    "aws_vpc_private_subnets": {
      "value": [
        "subnet-0aaa6fd994e5027b5",
        "subnet-0e4c609c246515641"
      ],
      "type": [
        "tuple",
        [
          "string",
          "string"
        ]
      ]
    },
    "aws_vpc_public_subnets": {
      "value": [
        "subnet-02feccfdb0de9270c",
        "subnet-08bcee6c8a7695e9e"
      ],
      "type": [
        "tuple",
        [
          "string",
          "string"
        ]
      ]
    }
  },
  "resources": [
    {
      "mode": "data",
      "type": "aws_ami",
      "name": "amazon_linux",
      "provider": "provider[\"registry.terraform.io/hashicorp/aws\"]",
      "instances": [
        {
          "schema_version": 0,
          "attributes": {
            "architecture": "x86_64",
            "arn": "arn:aws:ec2:ap-southeast-1::image/ami-036b8d4a4caa38819",
            "block_device_mappings": [
              {
                "device_name": "/dev/xvda",
                "ebs": {
                  "delete_on_termination": "true",
                  "encrypted": "false",
                  "iops": "0",
                  "snapshot_id": "snap-0c694f5937d8fba07",
                  "throughput": "0",
                  "volume_size": "8",
                  "volume_type": "gp2"
                },
                "no_device": "",
                "virtual_name": ""
              }
            ],
            "boot_mode": "",
            "creation_date": "2023-03-08T19:58:01.423Z",
            "deprecation_time": "2025-03-08T19:58:01.423Z",
            "description": "Amazon Linux AMI 2018.03.0.20230306.1 x86_64 HVM gp2",
            "ena_support": true,
            "executable_users": null,
            "filter": [
              {
                "name": "name",
                "values": [
                  "amzn-ami-hvm-*-x86_64-gp2"
                ]
              }
            ],
            "hypervisor": "xen",
            "id": "ami-036b8d4a4caa38819",
            "image_id": "ami-036b8d4a4caa38819",
            "image_location": "amazon/amzn-ami-hvm-2018.03.0.20230306.1-x86_64-gp2",
            "image_owner_alias": "amazon",
            "image_type": "machine",
            "imds_support": "",
            "include_deprecated": false,
            "kernel_id": "",
            "most_recent": true,
            "name": "amzn-ami-hvm-2018.03.0.20230306.1-x86_64-gp2",
            "name_regex": null,
            "owner_id": "137112412989",
            "owners": [
              "amazon"
            ],
            "platform": "",
            "platform_details": "Linux/UNIX",
            "product_codes": [],
            "public": true,
            "ramdisk_id": "",
            "root_device_name": "/dev/xvda",
            "root_device_type": "ebs",
            "root_snapshot_id": "snap-0c694f5937d8fba07",
            "sriov_net_support": "simple",
            "state": "available",
            "state_reason": {
              "code": "UNSET",
              "message": "UNSET"
            },
            "tags": {},
            "timeouts": null,
            "tpm_support": "",
            "usage_operation": "RunInstances",
            "virtualization_type": "hvm"
          },
          "sensitive_attributes": []
        }
      ]
    },
    {
      "mode": "data",
      "type": "aws_iam_role",
      "name": "aws_rds_monitoring_role",
      "provider": "provider[\"registry.terraform.io/hashicorp/aws\"]",
      "instances": [
        {
          "schema_version": 0,
          "attributes": {
            "arn": "arn:aws:iam::614137701308:role/rds-monitoring-role",
            "assume_role_policy": "{\"Version\":\"2012-10-17\",\"Statement\":[{\"Sid\":\"\",\"Effect\":\"Allow\",\"Principal\":{\"Service\":\"monitoring.rds.amazonaws.com\"},\"Action\":\"sts:AssumeRole\"}]}",
            "create_date": "2023-03-14T04:46:33Z",
            "description": "",
            "id": "rds-monitoring-role",
            "max_session_duration": 3600,
            "name": "rds-monitoring-role",
            "path": "/",
            "permissions_boundary": "",
            "tags": {},
            "unique_id": "AROAY57LVUO6BIQLZTNBA"
          },
          "sensitive_attributes": []
        }
      ]
    },
    {
      "mode": "data",
      "type": "aws_route_tables",
      "name": "all",
      "provider": "provider[\"registry.terraform.io/hashicorp/aws\"]",
      "instances": [
        {
          "schema_version": 0,
          "attributes": {
            "filter": null,
            "id": "ap-southeast-1",
            "ids": [
              "rtb-04f4990382dd622ce"
            ],
            "tags": null,
            "timeouts": null,
            "vpc_id": "vpc-024735e7212dc8ffe"
          },
          "sensitive_attributes": []
        }
      ]
    },
    {
      "mode": "data",
      "type": "aws_security_group",
      "name": "default",
      "provider": "provider[\"registry.terraform.io/hashicorp/aws\"]",
      "instances": [
        {
          "schema_version": 0,
          "attributes": {
            "arn": "arn:aws:ec2:ap-southeast-1:614137701308:security-group/sg-060e854e76aa2b185",
            "description": "default VPC security group",
            "filter": null,
            "id": "sg-060e854e76aa2b185",
            "name": "default",
            "tags": {},
            "timeouts": null,
            "vpc_id": "vpc-024735e7212dc8ffe"
          },
          "sensitive_attributes": []
        }
      ]
    },
    {
      "mode": "managed",
      "type": "aws_key_pair",
      "name": "aws_ec2_keypair",
      "provider": "provider[\"registry.terraform.io/hashicorp/aws\"]",
      "instances": [
        {
          "schema_version": 1,
          "attributes": {
            "arn": "arn:aws:ec2:ap-southeast-1:614137701308:key-pair/cloudchaser_instance-keypair",
            "fingerprint": "c9:b3:24:55:8a:6d:0a:6b:dd:5c:52:04:c5:a7:d0:1a",
            "id": "cloudchaser_instance-keypair",
            "key_name": "cloudchaser_instance-keypair",
            "key_name_prefix": "",
            "key_pair_id": "key-04443e23d2da3292b",
            "key_type": "rsa",
            "public_key": "ssh-rsa AAAAB3NzaC1yc2EAAAADAQABAAACAQC828W/X82rxqqg5oBXw9M7gL0l2C3oviEs+Se3Hz8fIez4Nm2FjMGdVZWMC21DqP6ngNuPbSn8QkKQTLszqbgBwUKH4a9EIct005c5InfQ/Gxwv+zY2OBiH+2nlHeNzZqDlaY/aPHWXiZ/ocz8CtAJYA/n+U92rAqS0E0K0E2vg0mU5WRiuysv7K87j5VjXevOVhqPKO+U2/ohXfSzJdBmVsFfd08PdsyEQ82kCth+0naR+yD7TeWXQ2ITqoGfHZcuLXXuHWtG2vREKqdcxfSlqoyMsPcrFgoj9ZuYcCRsVNPfSr40hYHT4j7U91rsDXhjfaBQkaIA84opa7wNWj7AFnnduGfpy/wg3mawvRa7TgZI0i2qGOub4jiUA9WrdI/U0s4DwXToZyRwQMIVNH4tEuhnr5j1sv82150+PjA06dOEo7dPQ3+G83OqGHqDIjfk1CgxEzerJpVnhIIGImAWArp5dc6Rjkbsf4FCnuymXhGznQqF4c9MAgfJCBUwkJKXUk8dKgpx4C8Oya44+I2ec23eAmn2+a8Ge3iUdXODDZz0TUW+8rieP2VaWONCFb24SLL9Cv5ix1lZxZa+qhYfiifWFjGDOo2onYnMst0wjsshjJKqdx5vmMi0NK/ym7uwfeWLlDB2pTZQ/tNByAnLggwsVta0qnhnRTK1gqu7Nw==",
            "tags": null,
            "tags_all": {}
          },
          "sensitive_attributes": [],
          "private": "eyJzY2hlbWFfdmVyc2lvbiI6IjEifQ==",
          "dependencies": [
            "tls_private_key.rs_keypair"
          ],
          "create_before_destroy": true
        }
      ]
    },
    {
      "mode": "managed",
      "type": "aws_kms_key",
      "name": "aws_s3_sse_kms_key",
      "provider": "provider[\"registry.terraform.io/hashicorp/aws\"]",
      "instances": [
        {
          "schema_version": 0,
          "attributes": {
            "arn": "arn:aws:kms:ap-southeast-1:614137701308:key/479e9104-40f1-4c08-b06c-be7b3a74eba0",
            "bypass_policy_lockout_safety_check": false,
            "custom_key_store_id": "",
            "customer_master_key_spec": "SYMMETRIC_DEFAULT",
            "deletion_window_in_days": 10,
            "description": "This key is used to encrypt bucket objects",
            "enable_key_rotation": false,
            "id": "479e9104-40f1-4c08-b06c-be7b3a74eba0",
            "is_enabled": true,
            "key_id": "479e9104-40f1-4c08-b06c-be7b3a74eba0",
            "key_usage": "ENCRYPT_DECRYPT",
            "multi_region": false,
            "policy": "{\"Id\":\"key-default-1\",\"Statement\":[{\"Action\":\"kms:*\",\"Effect\":\"Allow\",\"Principal\":{\"AWS\":\"arn:aws:iam::614137701308:root\"},\"Resource\":\"*\",\"Sid\":\"Enable IAM User Permissions\"}],\"Version\":\"2012-10-17\"}",
            "tags": null,
            "tags_all": {}
          },
          "sensitive_attributes": [],
          "private": "bnVsbA=="
        }
      ]
    },
    {
      "mode": "managed",
      "type": "aws_vpc_endpoint",
      "name": "aws_vpc_s3_gateway_endpoint",
      "provider": "provider[\"registry.terraform.io/hashicorp/aws\"]",
      "instances": [
        {
          "schema_version": 0,
          "attributes": {
            "arn": "arn:aws:ec2:ap-southeast-1:614137701308:vpc-endpoint/vpce-054d7122135600aff",
            "auto_accept": null,
            "cidr_blocks": [
              "52.219.32.0/21",
              "3.5.146.0/23",
              "18.34.248.0/22",
              "3.5.148.0/22",
              "18.34.64.0/21",
              "52.219.40.0/22",
              "52.219.124.0/22",
              "52.219.128.0/21",
              "52.219.184.0/21",
              "16.12.48.0/21",
              "52.219.164.0/22",
              "52.219.180.0/22"
            ],
            "dns_entry": [],
            "dns_options": [],
            "id": "vpce-054d7122135600aff",
            "ip_address_type": "",
            "network_interface_ids": [],
            "owner_id": "614137701308",
            "policy": "{\"Statement\":[{\"Action\":\"*\",\"Effect\":\"Allow\",\"Principal\":\"*\",\"Resource\":\"*\"}],\"Version\":\"2008-10-17\"}",
            "prefix_list_id": "pl-6fa54006",
            "private_dns_enabled": false,
            "requester_managed": false,
            "route_table_ids": [
              "rtb-04f4990382dd622ce"
            ],
            "security_group_ids": [],
            "service_name": "com.amazonaws.ap-southeast-1.s3",
            "state": "available",
            "subnet_ids": [],
            "tags": null,
            "tags_all": {},
            "timeouts": null,
            "vpc_endpoint_type": "Gateway",
            "vpc_id": "vpc-024735e7212dc8ffe"
          },
          "sensitive_attributes": [],
          "private": "eyJlMmJmYjczMC1lY2FhLTExZTYtOGY4OC0zNDM2M2JjN2M0YzAiOnsiY3JlYXRlIjo2MDAwMDAwMDAwMDAsImRlbGV0ZSI6NjAwMDAwMDAwMDAwLCJ1cGRhdGUiOjYwMDAwMDAwMDAwMH19",
          "dependencies": [
            "data.aws_route_tables.all",
            "module.aws_vpc.aws_vpc.this"
          ]
        }
      ]
    },
    {
      "mode": "managed",
      "type": "local_file",
      "name": "tf_key",
      "provider": "provider[\"registry.terraform.io/hashicorp/local\"]",
      "instances": [
        {
          "schema_version": 0,
          "attributes": {
            "content": "-----BEGIN RSA PRIVATE KEY-----\nMIIJKAIBAAKCAgEAvNvFv1/Nq8aqoOaAV8PTO4C9Jdgt6L4hLPkntx8/HyHs+DZt\nhYzBnVWVjAttQ6j+p4Dbj20p/EJCkEy7M6m4AcFCh+GvRCHLdNOXOSJ30PxscL/s\n2NjgYh/tp5R3jc2ag5WmP2jx1l4mf6HM/ArQCWAP5/lPdqwKktBNCtBNr4NJlOVk\nYrsrL+yvO4+VY13rzlYajyjvlNv6IV30syXQZlbBX3dPD3bMhEPNpArYftJ2kfsg\n+03ll0NiE6qBnx2XLi117h1rRtr0RCqnXMX0paqMjLD3KxYKI/WbmHAkbFTT30q+\nNIWB0+I+1Pda7A14Y32gUJGiAPOKKWu8DVo+wBZ53bhn6cv8IN5msL0Wu04GSNIt\nqhjrm+I4lAPVq3SP1NLOA8F06GckcEDCFTR+LRLoZ6+Y9bL/NtedPj4wNOnThKO3\nT0N/hvNzqhh6gyI35NQoMRM3qyaVZ4SCBiJgFgK6eXXOkY5G7H+BQp7spl4Rs50K\nheHPTAIHyQgVMJCSl1JPHSoKceAvDsmuOPiNnnNt3gJp9vmvBnt4lHVzgw2c9E1F\nvvK4nj9lWljjQhW9uEiy/Qr+YsdZWcWWvqoWH4on1hYxgzqNqJ2JzLLdMI7LIYyS\nqnceb5jItDSv8pu7sH3li5QwdqU2UP7TQcgJy4IMLFbWtKp4Z0UytYKruzcCAwEA\nAQKCAgBnfOZ3X8AMCOknEifx79SoHnuHaVZ+2vDC/CTPK8gi/ywjN2/8Zo0R8fvo\nqbpOASTKFMo7Zc5D9OsUt3c9cBrsm0Ihw4GPDBW5Btku7bxKQIgLoJ/gk7chDe3k\njm6Uvb2VrUNUK+WZWi4ucjMpSaOF/6W3r93jYZLJsGsHKe3n50FC3hCMKZQYxtGf\nCacKtESq5HPZTs05/PCrqBiWsnnoGlIMRgyEpMydDap54ZeQpzNh+wKvspfEs5/i\ntuQglM5q925P9L78LK79S4I6TB8rSLGLxs0qRwF3gvaoKYtL8Y/II+TmUuI5gRh9\nCq4/+4Gkwwo+HA9yBgIHgImjp3gKR1KOeHQ7M+GRdaatRk9RSv9dY18zR6ZdjDIm\nL3xcD8Clk6Xb0Yej9+BHHsxt3XSmEKKUobGYbs2mnDYmWOq8Bqv+K6K9j0ZGSQqm\nU42VXpk1R5RIIOtZFznO2TpZumMNYVUh7d2AbDlOfAuFpqY2/N8TszFOQHddFGAR\nd9zQXoMK4LMr7gzCqgmjq29dXFpsioak72UA0aKC/cS+C34XTYA8z8cCemTubvEd\nEIpqeSY+yJeYACwLo4W8DCspt7WW60db3xgZChyIAdwVsnLLtuveH+mSKCJc3Amc\nTGIg3JuggOf+kycsQ9DbrAtkOp86+ZdbkQJ7yT40is553V0CgQKCAQEA+eUrD5Z9\n+W7uMi7IwoSipcTd8Gkexx6qBZWuA2n0FSvD1QFe9d5jtzjyfpKjVZXqgsMchbkr\n5iIPXbBLd0SU4kJKdR3nFekA4VifLRNi5q9f19Yk0KFpYnxf1UmCI8LQGC5VZP37\n/OKH/SKd/uzyUBpGSYOwKZB2Uq53BoCXdBo/pz/CMG/87f0QhNV3FyRXzKP/9s5M\nBiquvMxNgWSeDkT1qA0HDfBKxz9iBXnd3VgFp9g8G/K6Rb0ar2hYRhmpIfd4jyw9\n5D0CjS3ulir+cipwQ+50sDFWImoVLmNRf8gIKLOsed6iANQfbI+hcl18CIY/dbCd\nfmL+ZFor1bsNjwKCAQEAwXjiQbEPYPlmSfUphpl0rzVTI30Y7dF4UPnoGZvv27xs\nF407aU22BSWcN93N2AvDd2QLUYV/UYZ9WPx/s1ocV1mIfAmEG4oqfPhRIlmpIK7f\nMuKsePeXAUS6N+i2QoA/U6H1n4+G9NZQ2nbPm92A0jbz1v+Nrise01qluWUXhOvt\nzAlHAaOwuGUbX8ypY40j8Wp2fvZl9Os+7323AyQlae7Ra/60WRFCY+gQ1hE0Soby\nG+7hYnEkNCf4BA1IFov0mrpv2DNZSASsAZ3LpTfiFsG7os4rCyglKiI50E4EhLzf\nu2LOMzM16Ty6zbG++RdtPNQTB18kQxveom91WJpz2QKCAQEAiBhS905SlUHg39uy\n4p0xp24sIP5fELqWhiwadSmDEPSg1qTEfsr7K5IMHvrlkXrwGP8BzaInUlJCZBfb\nQb1MCF1qB5adf8VCAXguWHIybsgcPoQV0LnXlxd9ab967NbwVfsF7taUIgmNXkM4\nINoSraVhmi/qBPj0N9tkX1oxIb4Z5JBIxfB3o3UrReyryyKz3nOCt3tq1ADy4Uey\n/kE6AzNzRm6x5Nl1IEZYr/rK5f1GNz8AnYf4AnsWyWjeim73OdR5CCBkJKVFenYF\ndis8IBkUwypeyoZUDrIPjw/wFtNt/hy8VjL1r9XWt10R5CMdpdbXQNVLMMXhHe4t\n6VzR6QKCAQAywWzSAQpgzWzpUBjRx+ZVpK6n68Sjd0WSMM2UElWtltPgpduFN67d\n0M0X1ueOmx9vbd6OR3BsSdUOiEdUHPq8a6+jord2phuZZ2eZlF4LRfUmG1NV9NY3\nrfkQe8t8zLpQTXfroTKtfp/9gBfc8xI9k88Kg0Z+/675kZlSdtPhuidLVM+8/V16\nMoQo8L8rb7aTOfPWQPvkceaz244sk8oA7XchVtOnXiDFpvbrwd2vA5H2hAe61KXD\nzQyCu51C1PqZsPlwhaARhbA+SFBJisyUXcTE5ENkjOabFBmIrT8AN7CWL0ibI/8r\nrhPvrIbGQEAXKifH0kzoEiKpCIaHdRWZAoIBAGSVwmFR70ZmOirtO3vv7AXrGiQi\neuQXgiwARI2fS50RYhm4HCOjmZuOUzF0UESw5kN7VTbHUaHLRssKCW7DP7BDqj/r\nMnDhf4/uS50Tfy1IDUwydzVVrhPPVuBFdMvvry6NKUEpmCmhBgSuiu4aC5d4HWnV\n6C60kUTJoQDg+iS7MgB53dig6DPuHWjNAmu+oHlufRxDbPvwe+qLIMUGRTcTmgwv\nfUycPcIVMKyOTaTVp40feZGvCNuFd4R8j5n+zmsJDlxETWfP5bowC1h3KN7iglth\nGJQ3oMRiXBRNrWwPKEeFICdJsTl4FGGonVCrRySJ6bjPETMVJJOjG64YYRU=\n-----END RSA PRIVATE KEY-----\n",
            "content_base64": null,
            "content_base64sha256": "4dPp6zzgwc4yXWZwLNmcT4tkQl8ZwF42v2DpPKwVa84=",
            "content_base64sha512": "PXPlhf4zOehRVJeAlgGHPXRAf5aVGtXZo2hue/Feit1Y93GgQ//giSHxE7sOPUc4c2UaZcZee1oF43wsbr6W5g==",
            "content_md5": "4c992dadb4ef8c345e43acbff59e6540",
            "content_sha1": "be43132e5f389b8baffb5fa63c31c00efc7607d2",
            "content_sha256": "e1d3e9eb3ce0c1ce325d66702cd99c4f8b64425f19c05e36bf60e93cac156bce",
            "content_sha512": "3d73e585fe3339e8515497809601873d74407f96951ad5d9a3686e7bf15e8add58f771a043ffe08921f113bb0e3d473873651a65c65e7b5a05e37c2c6ebe96e6",
            "directory_permission": "0777",
            "file_permission": "0777",
            "filename": "cloudchaser_instance_rsa.pem",
            "id": "be43132e5f389b8baffb5fa63c31c00efc7607d2",
            "sensitive_content": null,
            "source": null
          },
          "sensitive_attributes": [
            [
              {
                "type": "get_attr",
                "value": "content"
              }
            ]
          ],
          "dependencies": [
            "tls_private_key.rs_keypair"
          ]
        }
      ]
    },
    {
      "mode": "managed",
      "type": "tls_private_key",
      "name": "rs_keypair",
      "provider": "provider[\"registry.terraform.io/hashicorp/tls\"]",
      "instances": [
        {
          "schema_version": 1,
          "attributes": {
            "algorithm": "RSA",
            "ecdsa_curve": "P224",
            "id": "0014c321bc4e4cf6fae064724ca488f415772640",
            "private_key_openssh": "-----BEGIN OPENSSH PRIVATE KEY-----\nb3BlbnNzaC1rZXktdjEAAAAABG5vbmUAAAAEbm9uZQAAAAAAAAABAAACFwAAAAdz\nc2gtcnNhAAAAAwEAAQAAAgEAvNvFv1/Nq8aqoOaAV8PTO4C9Jdgt6L4hLPkntx8/\nHyHs+DZthYzBnVWVjAttQ6j+p4Dbj20p/EJCkEy7M6m4AcFCh+GvRCHLdNOXOSJ3\n0PxscL/s2NjgYh/tp5R3jc2ag5WmP2jx1l4mf6HM/ArQCWAP5/lPdqwKktBNCtBN\nr4NJlOVkYrsrL+yvO4+VY13rzlYajyjvlNv6IV30syXQZlbBX3dPD3bMhEPNpArY\nftJ2kfsg+03ll0NiE6qBnx2XLi117h1rRtr0RCqnXMX0paqMjLD3KxYKI/WbmHAk\nbFTT30q+NIWB0+I+1Pda7A14Y32gUJGiAPOKKWu8DVo+wBZ53bhn6cv8IN5msL0W\nu04GSNItqhjrm+I4lAPVq3SP1NLOA8F06GckcEDCFTR+LRLoZ6+Y9bL/NtedPj4w\nNOnThKO3T0N/hvNzqhh6gyI35NQoMRM3qyaVZ4SCBiJgFgK6eXXOkY5G7H+BQp7s\npl4Rs50KheHPTAIHyQgVMJCSl1JPHSoKceAvDsmuOPiNnnNt3gJp9vmvBnt4lHVz\ngw2c9E1FvvK4nj9lWljjQhW9uEiy/Qr+YsdZWcWWvqoWH4on1hYxgzqNqJ2JzLLd\nMI7LIYySqnceb5jItDSv8pu7sH3li5QwdqU2UP7TQcgJy4IMLFbWtKp4Z0UytYKr\nuzcAAAc4VyVX6VclV+kAAAAHc3NoLXJzYQAAAgEAvNvFv1/Nq8aqoOaAV8PTO4C9\nJdgt6L4hLPkntx8/HyHs+DZthYzBnVWVjAttQ6j+p4Dbj20p/EJCkEy7M6m4AcFC\nh+GvRCHLdNOXOSJ30PxscL/s2NjgYh/tp5R3jc2ag5WmP2jx1l4mf6HM/ArQCWAP\n5/lPdqwKktBNCtBNr4NJlOVkYrsrL+yvO4+VY13rzlYajyjvlNv6IV30syXQZlbB\nX3dPD3bMhEPNpArYftJ2kfsg+03ll0NiE6qBnx2XLi117h1rRtr0RCqnXMX0paqM\njLD3KxYKI/WbmHAkbFTT30q+NIWB0+I+1Pda7A14Y32gUJGiAPOKKWu8DVo+wBZ5\n3bhn6cv8IN5msL0Wu04GSNItqhjrm+I4lAPVq3SP1NLOA8F06GckcEDCFTR+LRLo\nZ6+Y9bL/NtedPj4wNOnThKO3T0N/hvNzqhh6gyI35NQoMRM3qyaVZ4SCBiJgFgK6\neXXOkY5G7H+BQp7spl4Rs50KheHPTAIHyQgVMJCSl1JPHSoKceAvDsmuOPiNnnNt\n3gJp9vmvBnt4lHVzgw2c9E1FvvK4nj9lWljjQhW9uEiy/Qr+YsdZWcWWvqoWH4on\n1hYxgzqNqJ2JzLLdMI7LIYySqnceb5jItDSv8pu7sH3li5QwdqU2UP7TQcgJy4IM\nLFbWtKp4Z0UytYKruzcAAAADAQABAAACAGd85ndfwAwI6ScSJ/Hv1Kgee4dpVn7a\n8ML8JM8ryCL/LCM3b/xmjRHx++ipuk4BJMoUyjtlzkP06xS3dz1wGuybQiHDgY8M\nFbkG2S7tvEpAiAugn+CTtyEN7eSObpS9vZWtQ1Qr5ZlaLi5yMylJo4X/pbev3eNh\nksmwawcp7efnQULeEIwplBjG0Z8Jpwq0RKrkc9lOzTn88KuoGJayeegaUgxGDISk\nzJ0Nqnnhl5CnM2H7Aq+yl8Szn+K25CCUzmr3bk/0vvwsrv1LgjpMHytIsYvGzSpH\nAXeC9qgpi0vxj8gj5OZS4jmBGH0Krj/7gaTDCj4cD3IGAgeAiaOneApHUo54dDsz\n4ZF1pq1GT1FK/11jXzNHpl2MMiYvfFwPwKWTpdvRh6P34EcezG3ddKYQopShsZhu\nzaacNiZY6rwGq/4ror2PRkZJCqZTjZVemTVHlEgg61kXOc7ZOlm6Yw1hVSHt3YBs\nOU58C4Wmpjb83xOzMU5Ad10UYBF33NBegwrgsyvuDMKqCaOrb11cWmyKhqTvZQDR\nooL9xL4LfhdNgDzPxwJ6ZO5u8R0Qimp5Jj7Il5gALAujhbwMKym3tZbrR1vfGBkK\nHIgB3BWycsu2694f6ZIoIlzcCZxMYiDcm6CA5/6TJyxD0NusC2Q6nzr5l1uRAnvJ\nPjSKznndXQKBAAABAGSVwmFR70ZmOirtO3vv7AXrGiQieuQXgiwARI2fS50RYhm4\nHCOjmZuOUzF0UESw5kN7VTbHUaHLRssKCW7DP7BDqj/rMnDhf4/uS50Tfy1IDUwy\ndzVVrhPPVuBFdMvvry6NKUEpmCmhBgSuiu4aC5d4HWnV6C60kUTJoQDg+iS7MgB5\n3dig6DPuHWjNAmu+oHlufRxDbPvwe+qLIMUGRTcTmgwvfUycPcIVMKyOTaTVp40f\neZGvCNuFd4R8j5n+zmsJDlxETWfP5bowC1h3KN7iglthGJQ3oMRiXBRNrWwPKEeF\nICdJsTl4FGGonVCrRySJ6bjPETMVJJOjG64YYRUAAAEBAPnlKw+Wfflu7jIuyMKE\noqXE3fBpHsceqgWVrgNp9BUrw9UBXvXeY7c48n6So1WV6oLDHIW5K+YiD12wS3dE\nlOJCSnUd5xXpAOFYny0TYuavX9fWJNChaWJ8X9VJgiPC0BguVWT9+/zih/0inf7s\n8lAaRkmDsCmQdlKudwaAl3QaP6c/wjBv/O39EITVdxckV8yj//bOTAYqrrzMTYFk\nng5E9agNBw3wSsc/YgV53d1YBafYPBvyukW9Gq9oWEYZqSH3eI8sPeQ9Ao0t7pYq\n/nIqcEPudLAxViJqFS5jUX/ICCizrHneogDUH2yPoXJdfAiGP3WwnX5i/mRaK9W7\nDY8AAAEBAMF44kGxD2D5Zkn1KYaZdK81UyN9GO3ReFD56Bmb79u8bBeNO2lNtgUl\nnDfdzdgLw3dkC1GFf1GGfVj8f7NaHFdZiHwJhBuKKnz4USJZqSCu3zLirHj3lwFE\nujfotkKAP1Oh9Z+PhvTWUNp2z5vdgNI289b/ja4rHtNapbllF4Tr7cwJRwGjsLhl\nG1/MqWONI/Fqdn72ZfTrPu99twMkJWnu0Wv+tFkRQmPoENYRNEqG8hvu4WJxJDQn\n+AQNSBaL9Jq6b9gzWUgErAGdy6U34hbBu6LOKwsoJSoiOdBOBIS837tizjMzNek8\nus2xvvkXbTzUEwdfJEMb3qJvdViac9kAAAAAAQID\n-----END OPENSSH PRIVATE KEY-----\n",
            "private_key_pem": "-----BEGIN RSA PRIVATE KEY-----\nMIIJKAIBAAKCAgEAvNvFv1/Nq8aqoOaAV8PTO4C9Jdgt6L4hLPkntx8/HyHs+DZt\nhYzBnVWVjAttQ6j+p4Dbj20p/EJCkEy7M6m4AcFCh+GvRCHLdNOXOSJ30PxscL/s\n2NjgYh/tp5R3jc2ag5WmP2jx1l4mf6HM/ArQCWAP5/lPdqwKktBNCtBNr4NJlOVk\nYrsrL+yvO4+VY13rzlYajyjvlNv6IV30syXQZlbBX3dPD3bMhEPNpArYftJ2kfsg\n+03ll0NiE6qBnx2XLi117h1rRtr0RCqnXMX0paqMjLD3KxYKI/WbmHAkbFTT30q+\nNIWB0+I+1Pda7A14Y32gUJGiAPOKKWu8DVo+wBZ53bhn6cv8IN5msL0Wu04GSNIt\nqhjrm+I4lAPVq3SP1NLOA8F06GckcEDCFTR+LRLoZ6+Y9bL/NtedPj4wNOnThKO3\nT0N/hvNzqhh6gyI35NQoMRM3qyaVZ4SCBiJgFgK6eXXOkY5G7H+BQp7spl4Rs50K\nheHPTAIHyQgVMJCSl1JPHSoKceAvDsmuOPiNnnNt3gJp9vmvBnt4lHVzgw2c9E1F\nvvK4nj9lWljjQhW9uEiy/Qr+YsdZWcWWvqoWH4on1hYxgzqNqJ2JzLLdMI7LIYyS\nqnceb5jItDSv8pu7sH3li5QwdqU2UP7TQcgJy4IMLFbWtKp4Z0UytYKruzcCAwEA\nAQKCAgBnfOZ3X8AMCOknEifx79SoHnuHaVZ+2vDC/CTPK8gi/ywjN2/8Zo0R8fvo\nqbpOASTKFMo7Zc5D9OsUt3c9cBrsm0Ihw4GPDBW5Btku7bxKQIgLoJ/gk7chDe3k\njm6Uvb2VrUNUK+WZWi4ucjMpSaOF/6W3r93jYZLJsGsHKe3n50FC3hCMKZQYxtGf\nCacKtESq5HPZTs05/PCrqBiWsnnoGlIMRgyEpMydDap54ZeQpzNh+wKvspfEs5/i\ntuQglM5q925P9L78LK79S4I6TB8rSLGLxs0qRwF3gvaoKYtL8Y/II+TmUuI5gRh9\nCq4/+4Gkwwo+HA9yBgIHgImjp3gKR1KOeHQ7M+GRdaatRk9RSv9dY18zR6ZdjDIm\nL3xcD8Clk6Xb0Yej9+BHHsxt3XSmEKKUobGYbs2mnDYmWOq8Bqv+K6K9j0ZGSQqm\nU42VXpk1R5RIIOtZFznO2TpZumMNYVUh7d2AbDlOfAuFpqY2/N8TszFOQHddFGAR\nd9zQXoMK4LMr7gzCqgmjq29dXFpsioak72UA0aKC/cS+C34XTYA8z8cCemTubvEd\nEIpqeSY+yJeYACwLo4W8DCspt7WW60db3xgZChyIAdwVsnLLtuveH+mSKCJc3Amc\nTGIg3JuggOf+kycsQ9DbrAtkOp86+ZdbkQJ7yT40is553V0CgQKCAQEA+eUrD5Z9\n+W7uMi7IwoSipcTd8Gkexx6qBZWuA2n0FSvD1QFe9d5jtzjyfpKjVZXqgsMchbkr\n5iIPXbBLd0SU4kJKdR3nFekA4VifLRNi5q9f19Yk0KFpYnxf1UmCI8LQGC5VZP37\n/OKH/SKd/uzyUBpGSYOwKZB2Uq53BoCXdBo/pz/CMG/87f0QhNV3FyRXzKP/9s5M\nBiquvMxNgWSeDkT1qA0HDfBKxz9iBXnd3VgFp9g8G/K6Rb0ar2hYRhmpIfd4jyw9\n5D0CjS3ulir+cipwQ+50sDFWImoVLmNRf8gIKLOsed6iANQfbI+hcl18CIY/dbCd\nfmL+ZFor1bsNjwKCAQEAwXjiQbEPYPlmSfUphpl0rzVTI30Y7dF4UPnoGZvv27xs\nF407aU22BSWcN93N2AvDd2QLUYV/UYZ9WPx/s1ocV1mIfAmEG4oqfPhRIlmpIK7f\nMuKsePeXAUS6N+i2QoA/U6H1n4+G9NZQ2nbPm92A0jbz1v+Nrise01qluWUXhOvt\nzAlHAaOwuGUbX8ypY40j8Wp2fvZl9Os+7323AyQlae7Ra/60WRFCY+gQ1hE0Soby\nG+7hYnEkNCf4BA1IFov0mrpv2DNZSASsAZ3LpTfiFsG7os4rCyglKiI50E4EhLzf\nu2LOMzM16Ty6zbG++RdtPNQTB18kQxveom91WJpz2QKCAQEAiBhS905SlUHg39uy\n4p0xp24sIP5fELqWhiwadSmDEPSg1qTEfsr7K5IMHvrlkXrwGP8BzaInUlJCZBfb\nQb1MCF1qB5adf8VCAXguWHIybsgcPoQV0LnXlxd9ab967NbwVfsF7taUIgmNXkM4\nINoSraVhmi/qBPj0N9tkX1oxIb4Z5JBIxfB3o3UrReyryyKz3nOCt3tq1ADy4Uey\n/kE6AzNzRm6x5Nl1IEZYr/rK5f1GNz8AnYf4AnsWyWjeim73OdR5CCBkJKVFenYF\ndis8IBkUwypeyoZUDrIPjw/wFtNt/hy8VjL1r9XWt10R5CMdpdbXQNVLMMXhHe4t\n6VzR6QKCAQAywWzSAQpgzWzpUBjRx+ZVpK6n68Sjd0WSMM2UElWtltPgpduFN67d\n0M0X1ueOmx9vbd6OR3BsSdUOiEdUHPq8a6+jord2phuZZ2eZlF4LRfUmG1NV9NY3\nrfkQe8t8zLpQTXfroTKtfp/9gBfc8xI9k88Kg0Z+/675kZlSdtPhuidLVM+8/V16\nMoQo8L8rb7aTOfPWQPvkceaz244sk8oA7XchVtOnXiDFpvbrwd2vA5H2hAe61KXD\nzQyCu51C1PqZsPlwhaARhbA+SFBJisyUXcTE5ENkjOabFBmIrT8AN7CWL0ibI/8r\nrhPvrIbGQEAXKifH0kzoEiKpCIaHdRWZAoIBAGSVwmFR70ZmOirtO3vv7AXrGiQi\neuQXgiwARI2fS50RYhm4HCOjmZuOUzF0UESw5kN7VTbHUaHLRssKCW7DP7BDqj/r\nMnDhf4/uS50Tfy1IDUwydzVVrhPPVuBFdMvvry6NKUEpmCmhBgSuiu4aC5d4HWnV\n6C60kUTJoQDg+iS7MgB53dig6DPuHWjNAmu+oHlufRxDbPvwe+qLIMUGRTcTmgwv\nfUycPcIVMKyOTaTVp40feZGvCNuFd4R8j5n+zmsJDlxETWfP5bowC1h3KN7iglth\nGJQ3oMRiXBRNrWwPKEeFICdJsTl4FGGonVCrRySJ6bjPETMVJJOjG64YYRU=\n-----END RSA PRIVATE KEY-----\n",
            "private_key_pem_pkcs8": "-----BEGIN PRIVATE KEY-----\nMIIJQgIBADANBgkqhkiG9w0BAQEFAASCCSwwggkoAgEAAoICAQC828W/X82rxqqg\n5oBXw9M7gL0l2C3oviEs+Se3Hz8fIez4Nm2FjMGdVZWMC21DqP6ngNuPbSn8QkKQ\nTLszqbgBwUKH4a9EIct005c5InfQ/Gxwv+zY2OBiH+2nlHeNzZqDlaY/aPHWXiZ/\nocz8CtAJYA/n+U92rAqS0E0K0E2vg0mU5WRiuysv7K87j5VjXevOVhqPKO+U2/oh\nXfSzJdBmVsFfd08PdsyEQ82kCth+0naR+yD7TeWXQ2ITqoGfHZcuLXXuHWtG2vRE\nKqdcxfSlqoyMsPcrFgoj9ZuYcCRsVNPfSr40hYHT4j7U91rsDXhjfaBQkaIA84op\na7wNWj7AFnnduGfpy/wg3mawvRa7TgZI0i2qGOub4jiUA9WrdI/U0s4DwXToZyRw\nQMIVNH4tEuhnr5j1sv82150+PjA06dOEo7dPQ3+G83OqGHqDIjfk1CgxEzerJpVn\nhIIGImAWArp5dc6Rjkbsf4FCnuymXhGznQqF4c9MAgfJCBUwkJKXUk8dKgpx4C8O\nya44+I2ec23eAmn2+a8Ge3iUdXODDZz0TUW+8rieP2VaWONCFb24SLL9Cv5ix1lZ\nxZa+qhYfiifWFjGDOo2onYnMst0wjsshjJKqdx5vmMi0NK/ym7uwfeWLlDB2pTZQ\n/tNByAnLggwsVta0qnhnRTK1gqu7NwIDAQABAoICAGd85ndfwAwI6ScSJ/Hv1Kge\ne4dpVn7a8ML8JM8ryCL/LCM3b/xmjRHx++ipuk4BJMoUyjtlzkP06xS3dz1wGuyb\nQiHDgY8MFbkG2S7tvEpAiAugn+CTtyEN7eSObpS9vZWtQ1Qr5ZlaLi5yMylJo4X/\npbev3eNhksmwawcp7efnQULeEIwplBjG0Z8Jpwq0RKrkc9lOzTn88KuoGJayeega\nUgxGDISkzJ0Nqnnhl5CnM2H7Aq+yl8Szn+K25CCUzmr3bk/0vvwsrv1LgjpMHytI\nsYvGzSpHAXeC9qgpi0vxj8gj5OZS4jmBGH0Krj/7gaTDCj4cD3IGAgeAiaOneApH\nUo54dDsz4ZF1pq1GT1FK/11jXzNHpl2MMiYvfFwPwKWTpdvRh6P34EcezG3ddKYQ\nopShsZhuzaacNiZY6rwGq/4ror2PRkZJCqZTjZVemTVHlEgg61kXOc7ZOlm6Yw1h\nVSHt3YBsOU58C4Wmpjb83xOzMU5Ad10UYBF33NBegwrgsyvuDMKqCaOrb11cWmyK\nhqTvZQDRooL9xL4LfhdNgDzPxwJ6ZO5u8R0Qimp5Jj7Il5gALAujhbwMKym3tZbr\nR1vfGBkKHIgB3BWycsu2694f6ZIoIlzcCZxMYiDcm6CA5/6TJyxD0NusC2Q6nzr5\nl1uRAnvJPjSKznndXQKBAoIBAQD55SsPln35bu4yLsjChKKlxN3waR7HHqoFla4D\nafQVK8PVAV713mO3OPJ+kqNVleqCwxyFuSvmIg9dsEt3RJTiQkp1HecV6QDhWJ8t\nE2Lmr1/X1iTQoWlifF/VSYIjwtAYLlVk/fv84of9Ip3+7PJQGkZJg7ApkHZSrncG\ngJd0Gj+nP8Iwb/zt/RCE1XcXJFfMo//2zkwGKq68zE2BZJ4ORPWoDQcN8ErHP2IF\ned3dWAWn2Dwb8rpFvRqvaFhGGakh93iPLD3kPQKNLe6WKv5yKnBD7nSwMVYiahUu\nY1F/yAgos6x53qIA1B9sj6FyXXwIhj91sJ1+Yv5kWivVuw2PAoIBAQDBeOJBsQ9g\n+WZJ9SmGmXSvNVMjfRjt0XhQ+egZm+/bvGwXjTtpTbYFJZw33c3YC8N3ZAtRhX9R\nhn1Y/H+zWhxXWYh8CYQbiip8+FEiWakgrt8y4qx495cBRLo36LZCgD9TofWfj4b0\n1lDads+b3YDSNvPW/42uKx7TWqW5ZReE6+3MCUcBo7C4ZRtfzKljjSPxanZ+9mX0\n6z7vfbcDJCVp7tFr/rRZEUJj6BDWETRKhvIb7uFicSQ0J/gEDUgWi/Saum/YM1lI\nBKwBnculN+IWwbuizisLKCUqIjnQTgSEvN+7Ys4zMzXpPLrNsb75F2081BMHXyRD\nG96ib3VYmnPZAoIBAQCIGFL3TlKVQeDf27LinTGnbiwg/l8QupaGLBp1KYMQ9KDW\npMR+yvsrkgwe+uWRevAY/wHNoidSUkJkF9tBvUwIXWoHlp1/xUIBeC5YcjJuyBw+\nhBXQudeXF31pv3rs1vBV+wXu1pQiCY1eQzgg2hKtpWGaL+oE+PQ322RfWjEhvhnk\nkEjF8HejdStF7KvLIrPec4K3e2rUAPLhR7L+QToDM3NGbrHk2XUgRliv+srl/UY3\nPwCdh/gCexbJaN6Kbvc51HkIIGQkpUV6dgV2KzwgGRTDKl7KhlQOsg+PD/AW023+\nHLxWMvWv1da3XRHkIx2l1tdA1UswxeEd7i3pXNHpAoIBADLBbNIBCmDNbOlQGNHH\n5lWkrqfrxKN3RZIwzZQSVa2W0+Cl24U3rt3QzRfW546bH29t3o5HcGxJ1Q6IR1Qc\n+rxrr6Oit3amG5lnZ5mUXgtF9SYbU1X01jet+RB7y3zMulBNd+uhMq1+n/2AF9zz\nEj2TzwqDRn7/rvmRmVJ20+G6J0tUz7z9XXoyhCjwvytvtpM589ZA++Rx5rPbjiyT\nygDtdyFW06deIMWm9uvB3a8DkfaEB7rUpcPNDIK7nULU+pmw+XCFoBGFsD5IUEmK\nzJRdxMTkQ2SM5psUGYitPwA3sJYvSJsj/yuuE++shsZAQBcqJ8fSTOgSIqkIhod1\nFZkCggEAZJXCYVHvRmY6Ku07e+/sBesaJCJ65BeCLABEjZ9LnRFiGbgcI6OZm45T\nMXRQRLDmQ3tVNsdRoctGywoJbsM/sEOqP+sycOF/j+5LnRN/LUgNTDJ3NVWuE89W\n4EV0y++vLo0pQSmYKaEGBK6K7hoLl3gdadXoLrSRRMmhAOD6JLsyAHnd2KDoM+4d\naM0Ca76geW59HENs+/B76osgxQZFNxOaDC99TJw9whUwrI5NpNWnjR95ka8I24V3\nhHyPmf7OawkOXERNZ8/lujALWHco3uKCW2EYlDegxGJcFE2tbA8oR4UgJ0mxOXgU\nYaidUKtHJInpuM8RMxUkk6MbrhhhFQ==\n-----END PRIVATE KEY-----\n",
            "public_key_fingerprint_md5": "6c:01:74:fb:a4:70:9d:bc:63:62:b3:7a:4d:e2:18:64",
            "public_key_fingerprint_sha256": "SHA256:gnn8vHFJj8E6j9Qgy9SQsSVRJ4SmCeGIR9/K1Emx1AU",
            "public_key_openssh": "ssh-rsa AAAAB3NzaC1yc2EAAAADAQABAAACAQC828W/X82rxqqg5oBXw9M7gL0l2C3oviEs+Se3Hz8fIez4Nm2FjMGdVZWMC21DqP6ngNuPbSn8QkKQTLszqbgBwUKH4a9EIct005c5InfQ/Gxwv+zY2OBiH+2nlHeNzZqDlaY/aPHWXiZ/ocz8CtAJYA/n+U92rAqS0E0K0E2vg0mU5WRiuysv7K87j5VjXevOVhqPKO+U2/ohXfSzJdBmVsFfd08PdsyEQ82kCth+0naR+yD7TeWXQ2ITqoGfHZcuLXXuHWtG2vREKqdcxfSlqoyMsPcrFgoj9ZuYcCRsVNPfSr40hYHT4j7U91rsDXhjfaBQkaIA84opa7wNWj7AFnnduGfpy/wg3mawvRa7TgZI0i2qGOub4jiUA9WrdI/U0s4DwXToZyRwQMIVNH4tEuhnr5j1sv82150+PjA06dOEo7dPQ3+G83OqGHqDIjfk1CgxEzerJpVnhIIGImAWArp5dc6Rjkbsf4FCnuymXhGznQqF4c9MAgfJCBUwkJKXUk8dKgpx4C8Oya44+I2ec23eAmn2+a8Ge3iUdXODDZz0TUW+8rieP2VaWONCFb24SLL9Cv5ix1lZxZa+qhYfiifWFjGDOo2onYnMst0wjsshjJKqdx5vmMi0NK/ym7uwfeWLlDB2pTZQ/tNByAnLggwsVta0qnhnRTK1gqu7Nw==\n",
            "public_key_pem": "-----BEGIN PUBLIC KEY-----\nMIICIjANBgkqhkiG9w0BAQEFAAOCAg8AMIICCgKCAgEAvNvFv1/Nq8aqoOaAV8PT\nO4C9Jdgt6L4hLPkntx8/HyHs+DZthYzBnVWVjAttQ6j+p4Dbj20p/EJCkEy7M6m4\nAcFCh+GvRCHLdNOXOSJ30PxscL/s2NjgYh/tp5R3jc2ag5WmP2jx1l4mf6HM/ArQ\nCWAP5/lPdqwKktBNCtBNr4NJlOVkYrsrL+yvO4+VY13rzlYajyjvlNv6IV30syXQ\nZlbBX3dPD3bMhEPNpArYftJ2kfsg+03ll0NiE6qBnx2XLi117h1rRtr0RCqnXMX0\npaqMjLD3KxYKI/WbmHAkbFTT30q+NIWB0+I+1Pda7A14Y32gUJGiAPOKKWu8DVo+\nwBZ53bhn6cv8IN5msL0Wu04GSNItqhjrm+I4lAPVq3SP1NLOA8F06GckcEDCFTR+\nLRLoZ6+Y9bL/NtedPj4wNOnThKO3T0N/hvNzqhh6gyI35NQoMRM3qyaVZ4SCBiJg\nFgK6eXXOkY5G7H+BQp7spl4Rs50KheHPTAIHyQgVMJCSl1JPHSoKceAvDsmuOPiN\nnnNt3gJp9vmvBnt4lHVzgw2c9E1FvvK4nj9lWljjQhW9uEiy/Qr+YsdZWcWWvqoW\nH4on1hYxgzqNqJ2JzLLdMI7LIYySqnceb5jItDSv8pu7sH3li5QwdqU2UP7TQcgJ\ny4IMLFbWtKp4Z0UytYKruzcCAwEAAQ==\n-----END PUBLIC KEY-----\n",
            "rsa_bits": 4096
          },
          "sensitive_attributes": [],
          "create_before_destroy": true
        }
      ]
    },
    {
      "module": "module.aws_alb",
      "mode": "managed",
      "type": "aws_lb",
      "name": "this",
      "provider": "provider[\"registry.terraform.io/hashicorp/aws\"]",
      "instances": [
        {
          "index_key": 0,
          "schema_version": 0,
          "attributes": {
            "access_logs": [
              {
                "bucket": "",
                "enabled": false,
                "prefix": ""
              }
            ],
            "arn": "arn:aws:elasticloadbalancing:ap-southeast-1:614137701308:loadbalancer/app/CloudChaser-demo-alb/ed5552b9a7ae000a",
            "arn_suffix": "app/CloudChaser-demo-alb/ed5552b9a7ae000a",
            "customer_owned_ipv4_pool": "",
            "desync_mitigation_mode": "defensive",
            "dns_name": "CloudChaser-demo-alb-403762167.ap-southeast-1.elb.amazonaws.com",
            "drop_invalid_header_fields": false,
            "enable_cross_zone_load_balancing": true,
            "enable_deletion_protection": false,
            "enable_http2": true,
            "enable_tls_version_and_cipher_suite_headers": false,
            "enable_waf_fail_open": false,
            "enable_xff_client_port": false,
            "id": "arn:aws:elasticloadbalancing:ap-southeast-1:614137701308:loadbalancer/app/CloudChaser-demo-alb/ed5552b9a7ae000a",
            "idle_timeout": 60,
            "internal": false,
            "ip_address_type": "ipv4",
            "load_balancer_type": "application",
            "name": "CloudChaser-demo-alb",
            "name_prefix": null,
            "preserve_host_header": false,
            "security_groups": [
              "sg-03f072db21b74bfbc",
              "sg-0958c486b4dea1cd0"
            ],
            "subnet_mapping": [
              {
                "allocation_id": "",
                "ipv6_address": "",
                "outpost_id": "",
                "private_ipv4_address": "",
                "subnet_id": "subnet-02feccfdb0de9270c"
              },
              {
                "allocation_id": "",
                "ipv6_address": "",
                "outpost_id": "",
                "private_ipv4_address": "",
                "subnet_id": "subnet-08bcee6c8a7695e9e"
              }
            ],
            "subnets": [
              "subnet-02feccfdb0de9270c",
              "subnet-08bcee6c8a7695e9e"
            ],
            "tags": {
              "Name": "CloudChaser-demo-alb"
            },
            "tags_all": {
              "Name": "CloudChaser-demo-alb"
            },
            "timeouts": {
              "create": "10m",
              "delete": "10m",
              "update": "10m"
            },
            "vpc_id": "vpc-024735e7212dc8ffe",
            "xff_header_processing_mode": "append",
            "zone_id": "Z1LMS91P8CMLE5"
          },
          "sensitive_attributes": [],
          "private": "eyJlMmJmYjczMC1lY2FhLTExZTYtOGY4OC0zNDM2M2JjN2M0YzAiOnsiY3JlYXRlIjo2MDAwMDAwMDAwMDAsImRlbGV0ZSI6NjAwMDAwMDAwMDAwLCJ1cGRhdGUiOjYwMDAwMDAwMDAwMH19",
          "dependencies": [
            "module.aws_alb.aws_security_group.this",
            "module.aws_sg_loadbalancer.aws_security_group.this",
            "module.aws_sg_loadbalancer.aws_security_group.this_name_prefix",
            "module.aws_vpc.aws_subnet.public",
            "module.aws_vpc.aws_vpc.this",
            "module.aws_vpc.aws_vpc_ipv4_cidr_block_association.this"
          ]
        }
      ]
    },
    {
      "module": "module.aws_alb",
      "mode": "managed",
      "type": "aws_lb_listener",
      "name": "frontend_http_tcp",
      "provider": "provider[\"registry.terraform.io/hashicorp/aws\"]",
      "instances": [
        {
          "index_key": 0,
          "schema_version": 0,
          "attributes": {
            "alpn_policy": null,
            "arn": "arn:aws:elasticloadbalancing:ap-southeast-1:614137701308:listener/app/CloudChaser-demo-alb/ed5552b9a7ae000a/4e489bbc3732f5c0",
            "certificate_arn": null,
            "default_action": [
              {
                "authenticate_cognito": [],
                "authenticate_oidc": [],
                "fixed_response": [],
                "forward": [],
                "order": 1,
                "redirect": [],
                "target_group_arn": "arn:aws:elasticloadbalancing:ap-southeast-1:614137701308:targetgroup/htg12023032210461571490000000a/9c122c9a12acced6",
                "type": "forward"
              }
            ],
            "id": "arn:aws:elasticloadbalancing:ap-southeast-1:614137701308:listener/app/CloudChaser-demo-alb/ed5552b9a7ae000a/4e489bbc3732f5c0",
            "load_balancer_arn": "arn:aws:elasticloadbalancing:ap-southeast-1:614137701308:loadbalancer/app/CloudChaser-demo-alb/ed5552b9a7ae000a",
            "port": 80,
            "protocol": "HTTP",
            "ssl_policy": "",
            "tags": null,
            "tags_all": {},
            "timeouts": null
          },
          "sensitive_attributes": [],
          "private": "eyJlMmJmYjczMC1lY2FhLTExZTYtOGY4OC0zNDM2M2JjN2M0YzAiOnsicmVhZCI6NjAwMDAwMDAwMDAwfX0=",
          "dependencies": [
            "aws_key_pair.aws_ec2_keypair",
            "data.aws_ami.amazon_linux",
            "module.aws_alb.aws_lb.this",
            "module.aws_alb.aws_lb_target_group.main",
            "module.aws_alb.aws_security_group.this",
            "module.aws_ec2_instance.aws_iam_instance_profile.this",
            "module.aws_ec2_instance.aws_iam_role.this",
            "module.aws_ec2_instance.aws_iam_role_policy_attachment.this",
            "module.aws_ec2_instance.aws_instance.this",
            "module.aws_ec2_instance.aws_spot_instance_request.this",
            "module.aws_ec2_instance.data.aws_iam_policy_document.assume_role_policy",
            "module.aws_ec2_instance.data.aws_partition.current",
            "module.aws_ec2_instance.data.aws_ssm_parameter.this",
            "module.aws_sg_instance.aws_security_group.this",
            "module.aws_sg_instance.aws_security_group.this_name_prefix",
            "module.aws_sg_loadbalancer.aws_security_group.this",
            "module.aws_sg_loadbalancer.aws_security_group.this_name_prefix",
            "module.aws_vpc.aws_subnet.private",
            "module.aws_vpc.aws_subnet.public",
            "module.aws_vpc.aws_vpc.this",
            "module.aws_vpc.aws_vpc_ipv4_cidr_block_association.this",
            "tls_private_key.rs_keypair"
          ]
        }
      ]
    },
    {
      "module": "module.aws_alb",
      "mode": "managed",
      "type": "aws_lb_listener_rule",
      "name": "http_tcp_listener_rule",
      "provider": "provider[\"registry.terraform.io/hashicorp/aws\"]",
      "instances": [
        {
          "index_key": 0,
          "schema_version": 0,
          "attributes": {
            "action": [
              {
                "authenticate_cognito": [],
                "authenticate_oidc": [],
                "fixed_response": [
                  {
                    "content_type": "text/plain",
                    "message_body": "Not found, custom message",
                    "status_code": "404"
                  }
                ],
                "forward": [],
                "order": 1,
                "redirect": [],
                "target_group_arn": "",
                "type": "fixed-response"
              }
            ],
            "arn": "arn:aws:elasticloadbalancing:ap-southeast-1:614137701308:listener-rule/app/CloudChaser-demo-alb/ed5552b9a7ae000a/4e489bbc3732f5c0/adee88dc45d03f89",
            "condition": [
              {
                "host_header": [],
                "http_header": [],
                "http_request_method": [],
                "path_pattern": [
                  {
                    "values": [
                      "/error"
                    ]
                  }
                ],
                "query_string": [],
                "source_ip": []
              }
            ],
            "id": "arn:aws:elasticloadbalancing:ap-southeast-1:614137701308:listener-rule/app/CloudChaser-demo-alb/ed5552b9a7ae000a/4e489bbc3732f5c0/adee88dc45d03f89",
            "listener_arn": "arn:aws:elasticloadbalancing:ap-southeast-1:614137701308:listener/app/CloudChaser-demo-alb/ed5552b9a7ae000a/4e489bbc3732f5c0",
            "priority": 1,
            "tags": null,
            "tags_all": {}
          },
          "sensitive_attributes": [],
          "private": "bnVsbA==",
          "dependencies": [
            "aws_key_pair.aws_ec2_keypair",
            "data.aws_ami.amazon_linux",
            "module.aws_alb.aws_lb.this",
            "module.aws_alb.aws_lb_listener.frontend_http_tcp",
            "module.aws_alb.aws_lb_target_group.main",
            "module.aws_alb.aws_security_group.this",
            "module.aws_ec2_instance.aws_iam_instance_profile.this",
            "module.aws_ec2_instance.aws_iam_role.this",
            "module.aws_ec2_instance.aws_iam_role_policy_attachment.this",
            "module.aws_ec2_instance.aws_instance.this",
            "module.aws_ec2_instance.aws_spot_instance_request.this",
            "module.aws_ec2_instance.data.aws_iam_policy_document.assume_role_policy",
            "module.aws_ec2_instance.data.aws_partition.current",
            "module.aws_ec2_instance.data.aws_ssm_parameter.this",
            "module.aws_sg_instance.aws_security_group.this",
            "module.aws_sg_instance.aws_security_group.this_name_prefix",
            "module.aws_sg_loadbalancer.aws_security_group.this",
            "module.aws_sg_loadbalancer.aws_security_group.this_name_prefix",
            "module.aws_vpc.aws_subnet.private",
            "module.aws_vpc.aws_subnet.public",
            "module.aws_vpc.aws_vpc.this",
            "module.aws_vpc.aws_vpc_ipv4_cidr_block_association.this",
            "tls_private_key.rs_keypair"
          ]
        }
      ]
    },
    {
      "module": "module.aws_alb",
      "mode": "managed",
      "type": "aws_lb_target_group",
      "name": "main",
      "provider": "provider[\"registry.terraform.io/hashicorp/aws\"]",
      "instances": [
        {
          "index_key": 0,
          "schema_version": 0,
          "attributes": {
            "arn": "arn:aws:elasticloadbalancing:ap-southeast-1:614137701308:targetgroup/htg12023032210461571490000000a/9c122c9a12acced6",
            "arn_suffix": "targetgroup/htg12023032210461571490000000a/9c122c9a12acced6",
            "connection_termination": false,
            "deregistration_delay": "10",
            "health_check": [
              {
                "enabled": true,
                "healthy_threshold": 3,
                "interval": 30,
                "matcher": "200-399",
                "path": "/",
                "port": "traffic-port",
                "protocol": "HTTP",
                "timeout": 5,
                "unhealthy_threshold": 3
              }
            ],
            "id": "arn:aws:elasticloadbalancing:ap-southeast-1:614137701308:targetgroup/htg12023032210461571490000000a/9c122c9a12acced6",
            "ip_address_type": "ipv4",
            "lambda_multi_value_headers_enabled": false,
            "load_balancing_algorithm_type": "round_robin",
            "load_balancing_cross_zone_enabled": "true",
            "name": "htg12023032210461571490000000a",
            "name_prefix": "htg1",
            "port": 80,
            "preserve_client_ip": null,
            "protocol": "HTTP",
            "protocol_version": "HTTP1",
            "proxy_protocol_v2": false,
            "slow_start": 0,
            "stickiness": [
              {
                "cookie_duration": 86400,
                "cookie_name": "",
                "enabled": false,
                "type": "lb_cookie"
              }
            ],
            "tags": {
              "Name": "htg1"
            },
            "tags_all": {
              "Name": "htg1"
            },
            "target_failover": [
              {
                "on_deregistration": null,
                "on_unhealthy": null
              }
            ],
            "target_type": "instance",
            "vpc_id": "vpc-024735e7212dc8ffe"
          },
          "sensitive_attributes": [],
          "private": "bnVsbA==",
          "dependencies": [
            "aws_key_pair.aws_ec2_keypair",
            "data.aws_ami.amazon_linux",
            "module.aws_ec2_instance.aws_iam_instance_profile.this",
            "module.aws_ec2_instance.aws_iam_role.this",
            "module.aws_ec2_instance.aws_iam_role_policy_attachment.this",
            "module.aws_ec2_instance.aws_instance.this",
            "module.aws_ec2_instance.aws_spot_instance_request.this",
            "module.aws_ec2_instance.data.aws_iam_policy_document.assume_role_policy",
            "module.aws_ec2_instance.data.aws_partition.current",
            "module.aws_ec2_instance.data.aws_ssm_parameter.this",
            "module.aws_sg_instance.aws_security_group.this",
            "module.aws_sg_instance.aws_security_group.this_name_prefix",
            "module.aws_vpc.aws_subnet.private",
            "module.aws_vpc.aws_vpc.this",
            "module.aws_vpc.aws_vpc_ipv4_cidr_block_association.this",
            "tls_private_key.rs_keypair"
          ],
          "create_before_destroy": true
        }
      ]
    },
    {
      "module": "module.aws_alb",
      "mode": "managed",
      "type": "aws_lb_target_group_attachment",
      "name": "this",
      "provider": "provider[\"registry.terraform.io/hashicorp/aws\"]",
      "instances": [
        {
          "index_key": "0.instance-ap-southeast-1a",
          "schema_version": 0,
          "attributes": {
            "availability_zone": null,
            "id": "arn:aws:elasticloadbalancing:ap-southeast-1:614137701308:targetgroup/htg12023032210461571490000000a/9c122c9a12acced6-2023032210461693840000000b",
            "port": 80,
            "target_group_arn": "arn:aws:elasticloadbalancing:ap-southeast-1:614137701308:targetgroup/htg12023032210461571490000000a/9c122c9a12acced6",
            "target_id": "i-0e508c8dfa65eaac7"
          },
          "sensitive_attributes": [],
          "private": "bnVsbA==",
          "dependencies": [
            "aws_key_pair.aws_ec2_keypair",
            "data.aws_ami.amazon_linux",
            "module.aws_alb.aws_lambda_permission.lb",
            "module.aws_alb.aws_lb_target_group.main",
            "module.aws_ec2_instance.aws_iam_instance_profile.this",
            "module.aws_ec2_instance.aws_iam_role.this",
            "module.aws_ec2_instance.aws_iam_role_policy_attachment.this",
            "module.aws_ec2_instance.aws_instance.this",
            "module.aws_ec2_instance.aws_spot_instance_request.this",
            "module.aws_ec2_instance.data.aws_iam_policy_document.assume_role_policy",
            "module.aws_ec2_instance.data.aws_partition.current",
            "module.aws_ec2_instance.data.aws_ssm_parameter.this",
            "module.aws_sg_instance.aws_security_group.this",
            "module.aws_sg_instance.aws_security_group.this_name_prefix",
            "module.aws_vpc.aws_subnet.private",
            "module.aws_vpc.aws_vpc.this",
            "module.aws_vpc.aws_vpc_ipv4_cidr_block_association.this",
            "tls_private_key.rs_keypair"
          ]
        },
        {
          "index_key": "0.instance-ap-southeast-1b",
          "schema_version": 0,
          "attributes": {
            "availability_zone": null,
            "id": "arn:aws:elasticloadbalancing:ap-southeast-1:614137701308:targetgroup/htg12023032210461571490000000a/9c122c9a12acced6-2023032210461709060000000c",
            "port": 80,
            "target_group_arn": "arn:aws:elasticloadbalancing:ap-southeast-1:614137701308:targetgroup/htg12023032210461571490000000a/9c122c9a12acced6",
            "target_id": "i-02d8a786f95ad228a"
          },
          "sensitive_attributes": [],
          "private": "bnVsbA==",
          "dependencies": [
            "aws_key_pair.aws_ec2_keypair",
            "data.aws_ami.amazon_linux",
            "module.aws_alb.aws_lambda_permission.lb",
            "module.aws_alb.aws_lb_target_group.main",
            "module.aws_ec2_instance.aws_iam_instance_profile.this",
            "module.aws_ec2_instance.aws_iam_role.this",
            "module.aws_ec2_instance.aws_iam_role_policy_attachment.this",
            "module.aws_ec2_instance.aws_instance.this",
            "module.aws_ec2_instance.aws_spot_instance_request.this",
            "module.aws_ec2_instance.data.aws_iam_policy_document.assume_role_policy",
            "module.aws_ec2_instance.data.aws_partition.current",
            "module.aws_ec2_instance.data.aws_ssm_parameter.this",
            "module.aws_sg_instance.aws_security_group.this",
            "module.aws_sg_instance.aws_security_group.this_name_prefix",
            "module.aws_vpc.aws_subnet.private",
            "module.aws_vpc.aws_vpc.this",
            "module.aws_vpc.aws_vpc_ipv4_cidr_block_association.this",
            "tls_private_key.rs_keypair"
          ]
        }
      ]
    },
    {
      "module": "module.aws_alb",
      "mode": "managed",
      "type": "aws_security_group",
      "name": "this",
      "provider": "provider[\"registry.terraform.io/hashicorp/aws\"]",
      "instances": [
        {
          "index_key": 0,
          "schema_version": 1,
          "attributes": {
            "arn": "arn:aws:ec2:ap-southeast-1:614137701308:security-group/sg-03f072db21b74bfbc",
            "description": "Managed by Terraform",
            "egress": [],
            "id": "sg-03f072db21b74bfbc",
            "ingress": [],
            "name": "CloudChaser-demo-alb-20230322104541576600000006",
            "name_prefix": "CloudChaser-demo-alb-",
            "owner_id": "614137701308",
            "revoke_rules_on_delete": false,
            "tags": {
              "Name": "CloudChaser-demo-alb"
            },
            "tags_all": {
              "Name": "CloudChaser-demo-alb"
            },
            "timeouts": null,
            "vpc_id": "vpc-024735e7212dc8ffe"
          },
          "sensitive_attributes": [],
          "private": "eyJlMmJmYjczMC1lY2FhLTExZTYtOGY4OC0zNDM2M2JjN2M0YzAiOnsiY3JlYXRlIjo2MDAwMDAwMDAwMDAsImRlbGV0ZSI6OTAwMDAwMDAwMDAwfSwic2NoZW1hX3ZlcnNpb24iOiIxIn0=",
          "dependencies": [
            "module.aws_vpc.aws_vpc.this"
          ],
          "create_before_destroy": true
        }
      ]
    },
    {
      "module": "module.aws_ec2_instance[\"ap-southeast-1a\"]",
      "mode": "data",
      "type": "aws_partition",
      "name": "current",
      "provider": "provider[\"registry.terraform.io/hashicorp/aws\"]",
      "instances": [
        {
          "schema_version": 0,
          "attributes": {
            "dns_suffix": "amazonaws.com",
            "id": "aws",
            "partition": "aws",
            "reverse_dns_prefix": "com.amazonaws"
          },
          "sensitive_attributes": []
        }
      ]
    },
    {
      "module": "module.aws_ec2_instance[\"ap-southeast-1a\"]",
      "mode": "data",
      "type": "aws_ssm_parameter",
      "name": "this",
      "provider": "provider[\"registry.terraform.io/hashicorp/aws\"]",
      "instances": [
        {
          "index_key": 0,
          "schema_version": 0,
          "attributes": {
            "arn": "arn:aws:ssm:ap-southeast-1::parameter/aws/service/ami-amazon-linux-latest/amzn2-ami-hvm-x86_64-gp2",
            "id": "/aws/service/ami-amazon-linux-latest/amzn2-ami-hvm-x86_64-gp2",
            "name": "/aws/service/ami-amazon-linux-latest/amzn2-ami-hvm-x86_64-gp2",
            "type": "String",
            "value": "ami-09535ad6b48711f78",
            "version": 82,
            "with_decryption": true
          },
          "sensitive_attributes": []
        }
      ]
    },
    {
      "module": "module.aws_ec2_instance[\"ap-southeast-1a\"]",
      "mode": "managed",
      "type": "aws_instance",
      "name": "this",
      "provider": "provider[\"registry.terraform.io/hashicorp/aws\"]",
      "instances": [
        {
          "index_key": 0,
          "schema_version": 1,
          "attributes": {
            "ami": "ami-036b8d4a4caa38819",
            "arn": "arn:aws:ec2:ap-southeast-1:614137701308:instance/i-0e508c8dfa65eaac7",
            "associate_public_ip_address": true,
            "availability_zone": "ap-southeast-1a",
            "capacity_reservation_specification": [
              {
                "capacity_reservation_preference": "open",
                "capacity_reservation_target": []
              }
            ],
            "cpu_core_count": 1,
            "cpu_threads_per_core": 1,
            "credit_specification": [
              {
                "cpu_credits": "standard"
              }
            ],
            "disable_api_stop": false,
            "disable_api_termination": false,
            "ebs_block_device": [],
            "ebs_optimized": false,
            "enclave_options": [
              {
                "enabled": false
              }
            ],
            "ephemeral_block_device": [],
            "get_password_data": false,
            "hibernation": false,
            "host_id": "",
            "host_resource_group_arn": null,
            "iam_instance_profile": "",
            "id": "i-0e508c8dfa65eaac7",
            "instance_initiated_shutdown_behavior": "stop",
            "instance_state": "running",
            "instance_type": "t2.micro",
            "ipv6_address_count": 0,
            "ipv6_addresses": [],
            "key_name": "cloudchaser_instance-keypair",
            "launch_template": [],
            "maintenance_options": [
              {
                "auto_recovery": "default"
              }
            ],
            "metadata_options": [
              {
                "http_endpoint": "enabled",
                "http_put_response_hop_limit": 1,
                "http_tokens": "optional",
                "instance_metadata_tags": "disabled"
              }
            ],
            "monitoring": false,
            "network_interface": [],
            "outpost_arn": "",
            "password_data": "",
            "placement_group": "",
            "placement_partition_number": 0,
            "primary_network_interface_id": "eni-068e34292bd7c32ea",
            "private_dns": "ip-10-0-143-203.ap-southeast-1.compute.internal",
            "private_dns_name_options": [
              {
                "enable_resource_name_dns_a_record": false,
                "enable_resource_name_dns_aaaa_record": false,
                "hostname_type": "ip-name"
              }
            ],
            "private_ip": "10.0.143.203",
            "public_dns": "ec2-18-143-177-53.ap-southeast-1.compute.amazonaws.com",
            "public_ip": "18.143.177.53",
            "root_block_device": [
              {
                "delete_on_termination": true,
                "device_name": "/dev/xvda",
                "encrypted": false,
                "iops": 100,
                "kms_key_id": "",
                "tags": {},
                "throughput": 0,
                "volume_id": "vol-03e8e0dd2a4eb9e0d",
                "volume_size": 8,
                "volume_type": "gp2"
              }
            ],
            "secondary_private_ips": [],
            "security_groups": [],
            "source_dest_check": true,
            "subnet_id": "subnet-0aaa6fd994e5027b5",
            "tags": {
              "Name": "cloudchaser_instance"
            },
            "tags_all": {
              "Name": "cloudchaser_instance"
            },
            "tenancy": "default",
            "timeouts": {
              "create": null,
              "delete": null,
              "update": null
            },
            "user_data": null,
            "user_data_base64": null,
            "user_data_replace_on_change": false,
            "volume_tags": {
              "Name": "cloudchaser_instance"
            },
            "vpc_security_group_ids": [
              "sg-05370c2de095ff548"
            ]
          },
          "sensitive_attributes": [
            [
              {
                "type": "get_attr",
                "value": "ami"
              }
            ]
          ],
          "private": "eyJlMmJmYjczMC1lY2FhLTExZTYtOGY4OC0zNDM2M2JjN2M0YzAiOnsiY3JlYXRlIjo2MDAwMDAwMDAwMDAsImRlbGV0ZSI6MTIwMDAwMDAwMDAwMCwidXBkYXRlIjo2MDAwMDAwMDAwMDB9LCJzY2hlbWFfdmVyc2lvbiI6IjEifQ==",
          "dependencies": [
            "aws_key_pair.aws_ec2_keypair",
            "data.aws_ami.amazon_linux",
            "module.aws_ec2_instance.aws_iam_instance_profile.this",
            "module.aws_ec2_instance.data.aws_ssm_parameter.this",
            "module.aws_sg_instance.aws_security_group.this",
            "module.aws_sg_instance.aws_security_group.this_name_prefix",
            "module.aws_vpc.aws_subnet.private",
            "module.aws_vpc.aws_vpc.this",
            "module.aws_vpc.aws_vpc_ipv4_cidr_block_association.this",
            "tls_private_key.rs_keypair"
          ],
          "create_before_destroy": true
        }
      ]
    },
    {
      "module": "module.aws_ec2_instance[\"ap-southeast-1b\"]",
      "mode": "data",
      "type": "aws_partition",
      "name": "current",
      "provider": "provider[\"registry.terraform.io/hashicorp/aws\"]",
      "instances": [
        {
          "schema_version": 0,
          "attributes": {
            "dns_suffix": "amazonaws.com",
            "id": "aws",
            "partition": "aws",
            "reverse_dns_prefix": "com.amazonaws"
          },
          "sensitive_attributes": []
        }
      ]
    },
    {
      "module": "module.aws_ec2_instance[\"ap-southeast-1b\"]",
      "mode": "data",
      "type": "aws_ssm_parameter",
      "name": "this",
      "provider": "provider[\"registry.terraform.io/hashicorp/aws\"]",
      "instances": [
        {
          "index_key": 0,
          "schema_version": 0,
          "attributes": {
            "arn": "arn:aws:ssm:ap-southeast-1::parameter/aws/service/ami-amazon-linux-latest/amzn2-ami-hvm-x86_64-gp2",
            "id": "/aws/service/ami-amazon-linux-latest/amzn2-ami-hvm-x86_64-gp2",
            "name": "/aws/service/ami-amazon-linux-latest/amzn2-ami-hvm-x86_64-gp2",
            "type": "String",
            "value": "ami-09535ad6b48711f78",
            "version": 82,
            "with_decryption": true
          },
          "sensitive_attributes": []
        }
      ]
    },
    {
      "module": "module.aws_ec2_instance[\"ap-southeast-1b\"]",
      "mode": "managed",
      "type": "aws_instance",
      "name": "this",
      "provider": "provider[\"registry.terraform.io/hashicorp/aws\"]",
      "instances": [
        {
          "index_key": 0,
          "schema_version": 1,
          "attributes": {
            "ami": "ami-036b8d4a4caa38819",
            "arn": "arn:aws:ec2:ap-southeast-1:614137701308:instance/i-02d8a786f95ad228a",
            "associate_public_ip_address": true,
            "availability_zone": "ap-southeast-1b",
            "capacity_reservation_specification": [
              {
                "capacity_reservation_preference": "open",
                "capacity_reservation_target": []
              }
            ],
            "cpu_core_count": 1,
            "cpu_threads_per_core": 1,
            "credit_specification": [
              {
                "cpu_credits": "standard"
              }
            ],
            "disable_api_stop": false,
            "disable_api_termination": false,
            "ebs_block_device": [],
            "ebs_optimized": false,
            "enclave_options": [
              {
                "enabled": false
              }
            ],
            "ephemeral_block_device": [],
            "get_password_data": false,
            "hibernation": false,
            "host_id": "",
            "host_resource_group_arn": null,
            "iam_instance_profile": "",
            "id": "i-02d8a786f95ad228a",
            "instance_initiated_shutdown_behavior": "stop",
            "instance_state": "running",
            "instance_type": "t2.micro",
            "ipv6_address_count": 0,
            "ipv6_addresses": [],
            "key_name": "cloudchaser_instance-keypair",
            "launch_template": [],
            "maintenance_options": [
              {
                "auto_recovery": "default"
              }
            ],
            "metadata_options": [
              {
                "http_endpoint": "enabled",
                "http_put_response_hop_limit": 1,
                "http_tokens": "optional",
                "instance_metadata_tags": "disabled"
              }
            ],
            "monitoring": false,
            "network_interface": [],
            "outpost_arn": "",
            "password_data": "",
            "placement_group": "",
            "placement_partition_number": 0,
            "primary_network_interface_id": "eni-0a4439c965a4e35f9",
            "private_dns": "ip-10-0-147-190.ap-southeast-1.compute.internal",
            "private_dns_name_options": [
              {
                "enable_resource_name_dns_a_record": false,
                "enable_resource_name_dns_aaaa_record": false,
                "hostname_type": "ip-name"
              }
            ],
            "private_ip": "10.0.147.190",
            "public_dns": "ec2-54-251-130-83.ap-southeast-1.compute.amazonaws.com",
            "public_ip": "54.251.130.83",
            "root_block_device": [
              {
                "delete_on_termination": true,
                "device_name": "/dev/xvda",
                "encrypted": false,
                "iops": 100,
                "kms_key_id": "",
                "tags": {},
                "throughput": 0,
                "volume_id": "vol-063e2cdaedceb7619",
                "volume_size": 8,
                "volume_type": "gp2"
              }
            ],
            "secondary_private_ips": [],
            "security_groups": [],
            "source_dest_check": true,
            "subnet_id": "subnet-0e4c609c246515641",
            "tags": {
              "Name": "cloudchaser_instance"
            },
            "tags_all": {
              "Name": "cloudchaser_instance"
            },
            "tenancy": "default",
            "timeouts": {
              "create": null,
              "delete": null,
              "update": null
            },
            "user_data": null,
            "user_data_base64": null,
            "user_data_replace_on_change": false,
            "volume_tags": {
              "Name": "cloudchaser_instance"
            },
            "vpc_security_group_ids": [
              "sg-05370c2de095ff548"
            ]
          },
          "sensitive_attributes": [
            [
              {
                "type": "get_attr",
                "value": "ami"
              }
            ]
          ],
          "private": "eyJlMmJmYjczMC1lY2FhLTExZTYtOGY4OC0zNDM2M2JjN2M0YzAiOnsiY3JlYXRlIjo2MDAwMDAwMDAwMDAsImRlbGV0ZSI6MTIwMDAwMDAwMDAwMCwidXBkYXRlIjo2MDAwMDAwMDAwMDB9LCJzY2hlbWFfdmVyc2lvbiI6IjEifQ==",
          "dependencies": [
            "aws_key_pair.aws_ec2_keypair",
            "data.aws_ami.amazon_linux",
            "module.aws_ec2_instance.aws_iam_instance_profile.this",
            "module.aws_ec2_instance.data.aws_ssm_parameter.this",
            "module.aws_sg_instance.aws_security_group.this",
            "module.aws_sg_instance.aws_security_group.this_name_prefix",
            "module.aws_vpc.aws_subnet.private",
            "module.aws_vpc.aws_vpc.this",
            "module.aws_vpc.aws_vpc_ipv4_cidr_block_association.this",
            "tls_private_key.rs_keypair"
          ],
          "create_before_destroy": true
        }
      ]
    },
    {
      "module": "module.aws_rds",
      "mode": "managed",
      "type": "random_password",
      "name": "master_password",
      "provider": "provider[\"registry.terraform.io/hashicorp/random\"]",
      "instances": [
        {
          "index_key": 0,
          "schema_version": 3,
          "attributes": {
            "bcrypt_hash": "$2a$10$BIlDUN6a6Fx9zBZh5iRAdeMnqV8QSM9G1tX0/MyyXyI1cfNWN09im",
            "id": "none",
            "keepers": null,
            "length": 16,
            "lower": true,
            "min_lower": 0,
            "min_numeric": 0,
            "min_special": 0,
            "min_upper": 0,
            "number": true,
            "numeric": true,
            "override_special": null,
            "result": "H0Nuu179A5SoWyaG",
            "special": false,
            "upper": true
          },
          "sensitive_attributes": []
        }
      ]
    },
    {
      "module": "module.aws_rds.module.db_instance",
      "mode": "data",
      "type": "aws_iam_policy_document",
      "name": "enhanced_monitoring",
      "provider": "provider[\"registry.terraform.io/hashicorp/aws\"]",
      "instances": [
        {
          "schema_version": 0,
          "attributes": {
            "id": "1813475199",
            "json": "{\n  \"Version\": \"2012-10-17\",\n  \"Statement\": [\n    {\n      \"Sid\": \"\",\n      \"Effect\": \"Allow\",\n      \"Action\": \"sts:AssumeRole\",\n      \"Principal\": {\n        \"Service\": \"monitoring.rds.amazonaws.com\"\n      }\n    }\n  ]\n}",
            "override_json": null,
            "override_policy_documents": null,
            "policy_id": null,
            "source_json": null,
            "source_policy_documents": null,
            "statement": [
              {
                "actions": [
                  "sts:AssumeRole"
                ],
                "condition": [],
                "effect": "Allow",
                "not_actions": [],
                "not_principals": [],
                "not_resources": [],
                "principals": [
                  {
                    "identifiers": [
                      "monitoring.rds.amazonaws.com"
                    ],
                    "type": "Service"
                  }
                ],
                "resources": [],
                "sid": ""
              }
            ],
            "version": "2012-10-17"
          },
          "sensitive_attributes": []
        }
      ]
    },
    {
      "module": "module.aws_rds.module.db_instance",
      "mode": "data",
      "type": "aws_partition",
      "name": "current",
      "provider": "provider[\"registry.terraform.io/hashicorp/aws\"]",
      "instances": [
        {
          "schema_version": 0,
          "attributes": {
            "dns_suffix": "amazonaws.com",
            "id": "aws",
            "partition": "aws",
            "reverse_dns_prefix": "com.amazonaws"
          },
          "sensitive_attributes": []
        }
      ]
    },
    {
      "module": "module.aws_rds.module.db_instance",
      "mode": "managed",
      "type": "aws_db_instance",
      "name": "this",
      "provider": "provider[\"registry.terraform.io/hashicorp/aws\"]",
      "instances": [
        {
          "index_key": 0,
          "schema_version": 1,
          "attributes": {
            "address": "my-db.c7spjmsy6aur.ap-southeast-1.rds.amazonaws.com",
            "allocated_storage": 10,
            "allow_major_version_upgrade": false,
            "apply_immediately": false,
            "arn": "arn:aws:rds:ap-southeast-1:614137701308:db:my-db",
            "auto_minor_version_upgrade": true,
            "availability_zone": "ap-southeast-1b",
            "backup_retention_period": 0,
            "backup_window": "09:46-10:16",
            "blue_green_update": [],
            "ca_cert_identifier": "rds-ca-2019",
            "character_set_name": "",
            "copy_tags_to_snapshot": false,
            "custom_iam_instance_profile": "",
            "customer_owned_ip_enabled": false,
            "db_name": "rootdb",
            "db_subnet_group_name": "my-db-subnet-group",
            "delete_automated_backups": true,
            "deletion_protection": false,
            "domain": "",
            "domain_iam_role_name": "",
            "enabled_cloudwatch_logs_exports": null,
            "endpoint": "my-db.c7spjmsy6aur.ap-southeast-1.rds.amazonaws.com:3306",
            "engine": "mysql",
            "engine_version": "8.0",
            "engine_version_actual": "8.0.28",
            "final_snapshot_identifier": null,
            "hosted_zone_id": "Z2G0U3KFCY8NZ5",
            "iam_database_authentication_enabled": false,
            "id": "my-db",
            "identifier": "my-db",
            "identifier_prefix": "",
            "instance_class": "db.t2.micro",
            "iops": 0,
            "kms_key_id": "",
            "latest_restorable_time": "",
            "license_model": "general-public-license",
            "listener_endpoint": [],
            "maintenance_window": "mon:00:00-mon:03:00",
            "max_allocated_storage": 100,
            "monitoring_interval": 0,
            "monitoring_role_arn": "",
            "multi_az": false,
            "name": "rootdb",
            "nchar_character_set_name": "",
            "network_type": "IPV4",
            "option_group_name": "my-db-20230322104528445900000002",
            "parameter_group_name": "my-db-20230322104528445200000001",
            "password": "H0Nuu179A5SoWyaG",
            "performance_insights_enabled": false,
            "performance_insights_kms_key_id": "",
            "performance_insights_retention_period": 0,
            "port": 3306,
            "publicly_accessible": false,
            "replica_mode": "",
            "replicas": [],
            "replicate_source_db": "",
            "resource_id": "db-3VUYMEC72VSEZYMP4C2LVEUEYA",
            "restore_to_point_in_time": [],
            "s3_import": [],
            "security_group_names": null,
            "skip_final_snapshot": true,
            "snapshot_identifier": null,
            "status": "available",
            "storage_encrypted": false,
            "storage_throughput": 0,
            "storage_type": "gp2",
            "tags": null,
            "tags_all": {},
            "timeouts": {
              "create": null,
              "delete": null,
              "update": null
            },
            "timezone": "",
            "username": "admin",
            "vpc_security_group_ids": [
              "sg-0221cb57bb702353b"
            ]
          },
          "sensitive_attributes": [
            [
              {
                "type": "get_attr",
                "value": "password"
              }
            ]
          ],
          "private": "eyJlMmJmYjczMC1lY2FhLTExZTYtOGY4OC0zNDM2M2JjN2M0YzAiOnsiY3JlYXRlIjoyNDAwMDAwMDAwMDAwLCJkZWxldGUiOjM2MDAwMDAwMDAwMDAsInVwZGF0ZSI6NDgwMDAwMDAwMDAwMH0sInNjaGVtYV92ZXJzaW9uIjoiMSJ9",
          "dependencies": [
            "module.aws_rds.module.db_instance.aws_cloudwatch_log_group.this",
            "module.aws_rds.module.db_instance.aws_iam_role.enhanced_monitoring",
            "module.aws_rds.module.db_instance.random_id.snapshot_identifier",
            "module.aws_rds.module.db_option_group.aws_db_option_group.this",
            "module.aws_rds.module.db_parameter_group.aws_db_parameter_group.this",
            "module.aws_rds.module.db_subnet_group.aws_db_subnet_group.this",
            "module.aws_rds.random_password.master_password",
            "module.aws_sg_rds.aws_security_group.this",
            "module.aws_sg_rds.aws_security_group.this_name_prefix",
            "module.aws_vpc.aws_db_subnet_group.database",
            "module.aws_vpc.aws_subnet.database",
            "module.aws_vpc.aws_vpc.this",
            "module.aws_vpc.aws_vpc_ipv4_cidr_block_association.this"
          ]
        }
      ]
    },
    {
      "module": "module.aws_rds.module.db_option_group",
      "mode": "managed",
      "type": "aws_db_option_group",
      "name": "this",
      "provider": "provider[\"registry.terraform.io/hashicorp/aws\"]",
      "instances": [
        {
          "index_key": 0,
          "schema_version": 0,
          "attributes": {
            "arn": "arn:aws:rds:ap-southeast-1:614137701308:og:my-db-20230322104528445900000002",
            "engine_name": "mysql",
            "id": "my-db-20230322104528445900000002",
            "major_engine_version": "8.0",
            "name": "my-db-20230322104528445900000002",
            "name_prefix": "my-db-",
            "option": [],
            "option_group_description": "my-db option group",
            "tags": {
              "Name": "my-db"
            },
            "tags_all": {
              "Name": "my-db"
            },
            "timeouts": {
              "delete": null
            }
          },
          "sensitive_attributes": [],
          "private": "eyJlMmJmYjczMC1lY2FhLTExZTYtOGY4OC0zNDM2M2JjN2M0YzAiOnsiZGVsZXRlIjo5MDAwMDAwMDAwMDB9fQ==",
          "create_before_destroy": true
        }
      ]
    },
    {
      "module": "module.aws_rds.module.db_parameter_group",
      "mode": "managed",
      "type": "aws_db_parameter_group",
      "name": "this",
      "provider": "provider[\"registry.terraform.io/hashicorp/aws\"]",
      "instances": [
        {
          "index_key": 0,
          "schema_version": 0,
          "attributes": {
            "arn": "arn:aws:rds:ap-southeast-1:614137701308:pg:my-db-20230322104528445200000001",
            "description": "my-db parameter group",
            "family": "mysql8.0",
            "id": "my-db-20230322104528445200000001",
            "name": "my-db-20230322104528445200000001",
            "name_prefix": "my-db-",
            "parameter": [],
            "tags": {
              "Name": "my-db"
            },
            "tags_all": {
              "Name": "my-db"
            }
          },
          "sensitive_attributes": [],
          "private": "bnVsbA==",
          "create_before_destroy": true
        }
      ]
    },
    {
      "module": "module.aws_s3_bucket",
      "mode": "data",
      "type": "aws_caller_identity",
      "name": "current",
      "provider": "provider[\"registry.terraform.io/hashicorp/aws\"]",
      "instances": [
        {
          "schema_version": 0,
          "attributes": {
            "account_id": "614137701308",
            "arn": "arn:aws:iam::614137701308:user/cloudchaseradmin",
            "id": "614137701308",
            "user_id": "AIDAY57LVUO6CAF34OEWH"
          },
          "sensitive_attributes": []
        }
      ]
    },
    {
      "module": "module.aws_s3_bucket",
      "mode": "data",
      "type": "aws_canonical_user_id",
      "name": "this",
      "provider": "provider[\"registry.terraform.io/hashicorp/aws\"]",
      "instances": [
        {
          "schema_version": 0,
          "attributes": {
            "display_name": "nam.dangphuong26",
            "id": "2e4e6d92ad00d463b4a9b13c781ce03622932df2c12454cf16ef8f51a3d197ef"
          },
          "sensitive_attributes": []
        }
      ]
    },
    {
      "module": "module.aws_s3_bucket",
      "mode": "data",
      "type": "aws_region",
      "name": "current",
      "provider": "provider[\"registry.terraform.io/hashicorp/aws\"]",
      "instances": [
        {
          "schema_version": 0,
          "attributes": {
            "description": "Asia Pacific (Singapore)",
            "endpoint": "ec2.ap-southeast-1.amazonaws.com",
            "id": "ap-southeast-1",
            "name": "ap-southeast-1"
          },
          "sensitive_attributes": []
        }
      ]
    },
    {
      "module": "module.aws_s3_bucket",
      "mode": "managed",
      "type": "aws_s3_bucket",
      "name": "this",
      "provider": "provider[\"registry.terraform.io/hashicorp/aws\"]",
      "instances": [
        {
          "index_key": 0,
          "schema_version": 0,
          "attributes": {
            "acceleration_status": "",
            "acl": null,
            "arn": "arn:aws:s3:::cloudchaser-bucket",
            "bucket": "cloudchaser-bucket",
            "bucket_domain_name": "cloudchaser-bucket.s3.amazonaws.com",
            "bucket_prefix": null,
            "bucket_regional_domain_name": "cloudchaser-bucket.s3.ap-southeast-1.amazonaws.com",
            "cors_rule": [],
            "force_destroy": true,
            "grant": [
              {
                "id": "2e4e6d92ad00d463b4a9b13c781ce03622932df2c12454cf16ef8f51a3d197ef",
                "permissions": [
                  "FULL_CONTROL"
                ],
                "type": "CanonicalUser",
                "uri": ""
              }
            ],
            "hosted_zone_id": "Z3O0J2DXBE1FTB",
            "id": "cloudchaser-bucket",
            "lifecycle_rule": [],
            "logging": [],
            "object_lock_configuration": [
              {
                "object_lock_enabled": "Enabled",
                "rule": []
              }
            ],
            "object_lock_enabled": true,
            "policy": "",
            "region": "ap-southeast-1",
            "replication_configuration": [],
            "request_payer": "BucketOwner",
            "server_side_encryption_configuration": [
              {
                "rule": [
                  {
                    "apply_server_side_encryption_by_default": [
                      {
                        "kms_master_key_id": "",
                        "sse_algorithm": "AES256"
                      }
                    ],
                    "bucket_key_enabled": false
                  }
                ]
              }
            ],
            "tags": null,
            "tags_all": {},
            "timeouts": null,
            "versioning": [
              {
                "enabled": true,
                "mfa_delete": false
              }
            ],
            "website": [],
            "website_domain": null,
            "website_endpoint": null
          },
          "sensitive_attributes": [],
          "private": "eyJlMmJmYjczMC1lY2FhLTExZTYtOGY4OC0zNDM2M2JjN2M0YzAiOnsiY3JlYXRlIjoxMjAwMDAwMDAwMDAwLCJkZWxldGUiOjM2MDAwMDAwMDAwMDAsInJlYWQiOjEyMDAwMDAwMDAwMDAsInVwZGF0ZSI6MTIwMDAwMDAwMDAwMH19"
        }
      ]
    },
    {
      "module": "module.aws_s3_bucket",
      "mode": "managed",
      "type": "aws_s3_bucket_accelerate_configuration",
      "name": "this",
      "provider": "provider[\"registry.terraform.io/hashicorp/aws\"]",
      "instances": [
        {
          "index_key": 0,
          "schema_version": 0,
          "attributes": {
            "bucket": "cloudchaser-bucket",
            "expected_bucket_owner": "",
            "id": "cloudchaser-bucket",
            "status": "Suspended"
          },
          "sensitive_attributes": [],
          "private": "bnVsbA==",
          "dependencies": [
            "module.aws_s3_bucket.aws_s3_bucket.this"
          ]
        }
      ]
    },
    {
      "module": "module.aws_s3_bucket",
      "mode": "managed",
      "type": "aws_s3_bucket_acl",
      "name": "this",
      "provider": "provider[\"registry.terraform.io/hashicorp/aws\"]",
      "instances": [
        {
          "index_key": 0,
          "schema_version": 0,
          "attributes": {
            "access_control_policy": [
              {
                "grant": [
                  {
                    "grantee": [
                      {
                        "display_name": "",
                        "email_address": "",
                        "id": "",
                        "type": "Group",
                        "uri": "http://acs.amazonaws.com/groups/global/AllUsers"
                      }
                    ],
                    "permission": "READ"
                  },
                  {
                    "grantee": [
                      {
                        "display_name": "nam.dangphuong26",
                        "email_address": "",
                        "id": "2e4e6d92ad00d463b4a9b13c781ce03622932df2c12454cf16ef8f51a3d197ef",
                        "type": "CanonicalUser",
                        "uri": ""
                      }
                    ],
                    "permission": "FULL_CONTROL"
                  }
                ],
                "owner": [
                  {
                    "display_name": "nam.dangphuong26",
                    "id": "2e4e6d92ad00d463b4a9b13c781ce03622932df2c12454cf16ef8f51a3d197ef"
                  }
                ]
              }
            ],
            "acl": "public-read",
            "bucket": "cloudchaser-bucket",
            "expected_bucket_owner": "",
            "id": "cloudchaser-bucket,public-read"
          },
          "sensitive_attributes": [],
          "private": "bnVsbA==",
          "dependencies": [
            "module.aws_s3_bucket.aws_s3_bucket.this",
            "module.aws_s3_bucket.aws_s3_bucket_ownership_controls.this",
            "module.aws_s3_bucket.data.aws_canonical_user_id.this"
          ]
        }
      ]
    },
    {
      "module": "module.aws_s3_bucket",
      "mode": "managed",
      "type": "aws_s3_bucket_cors_configuration",
      "name": "this",
      "provider": "provider[\"registry.terraform.io/hashicorp/aws\"]",
      "instances": [
        {
          "index_key": 0,
          "schema_version": 0,
          "attributes": {
            "bucket": "cloudchaser-bucket",
            "cors_rule": [
              {
                "allowed_headers": [
                  "*"
                ],
                "allowed_methods": [
                  "GET",
                  "POST",
                  "PUT"
                ],
                "allowed_origins": [
                  "https://example.com"
                ],
                "expose_headers": [
                  "ETag"
                ],
                "id": "",
                "max_age_seconds": 3000
              }
            ],
            "expected_bucket_owner": "",
            "id": "cloudchaser-bucket"
          },
          "sensitive_attributes": [],
          "private": "bnVsbA==",
          "dependencies": [
            "module.aws_s3_bucket.aws_s3_bucket.this"
          ]
        }
      ]
    },
    {
      "module": "module.aws_s3_bucket",
      "mode": "managed",
      "type": "aws_s3_bucket_logging",
      "name": "this",
      "provider": "provider[\"registry.terraform.io/hashicorp/aws\"]",
      "instances": [
        {
          "index_key": 0,
          "schema_version": 0,
          "attributes": {
            "bucket": "cloudchaser-bucket",
            "expected_bucket_owner": "",
            "id": "cloudchaser-bucket",
            "target_bucket": "cloudchaser-bucket-log",
            "target_grant": [],
            "target_prefix": "log/"
          },
          "sensitive_attributes": [],
          "private": "bnVsbA==",
          "dependencies": [
            "module.aws_s3_bucket.aws_s3_bucket.this",
            "module.aws_s3_log_bucket.aws_s3_bucket.this",
            "module.aws_s3_log_bucket.aws_s3_bucket_policy.this",
            "module.aws_s3_log_bucket.data.aws_iam_policy_document.combined",
            "module.aws_s3_log_bucket.data.aws_iam_policy_document.deny_insecure_transport",
            "module.aws_s3_log_bucket.data.aws_iam_policy_document.elb_log_delivery",
            "module.aws_s3_log_bucket.data.aws_iam_policy_document.inventory_and_analytics_destination_policy",
            "module.aws_s3_log_bucket.data.aws_iam_policy_document.lb_log_delivery",
            "module.aws_s3_log_bucket.data.aws_iam_policy_document.require_latest_tls",
            "module.aws_s3_log_bucket.data.aws_region.current"
          ]
        }
      ]
    },
    {
      "module": "module.aws_s3_bucket",
      "mode": "managed",
      "type": "aws_s3_bucket_object_lock_configuration",
      "name": "this",
      "provider": "provider[\"registry.terraform.io/hashicorp/aws\"]",
      "instances": [
        {
          "index_key": 0,
          "schema_version": 0,
          "attributes": {
            "bucket": "cloudchaser-bucket",
            "expected_bucket_owner": "",
            "id": "cloudchaser-bucket",
            "object_lock_enabled": "Enabled",
            "rule": [
              {
                "default_retention": [
                  {
                    "days": 1,
                    "mode": "GOVERNANCE",
                    "years": 0
                  }
                ]
              }
            ],
            "token": null
          },
          "sensitive_attributes": [],
          "private": "bnVsbA==",
          "dependencies": [
            "module.aws_s3_bucket.aws_s3_bucket.this"
          ]
        }
      ]
    },
    {
      "module": "module.aws_s3_bucket",
      "mode": "managed",
      "type": "aws_s3_bucket_public_access_block",
      "name": "this",
      "provider": "provider[\"registry.terraform.io/hashicorp/aws\"]",
      "instances": [
        {
          "index_key": 0,
          "schema_version": 0,
          "attributes": {
            "block_public_acls": false,
            "block_public_policy": false,
            "bucket": "cloudchaser-bucket",
            "id": "cloudchaser-bucket",
            "ignore_public_acls": false,
            "restrict_public_buckets": false
          },
          "sensitive_attributes": [],
          "private": "bnVsbA==",
          "dependencies": [
            "module.aws_s3_bucket.aws_s3_bucket.this",
            "module.aws_s3_bucket.aws_s3_bucket_policy.this"
          ]
        }
      ]
    },
    {
      "module": "module.aws_s3_bucket",
      "mode": "managed",
      "type": "aws_s3_bucket_request_payment_configuration",
      "name": "this",
      "provider": "provider[\"registry.terraform.io/hashicorp/aws\"]",
      "instances": [
        {
          "index_key": 0,
          "schema_version": 0,
          "attributes": {
            "bucket": "cloudchaser-bucket",
            "expected_bucket_owner": "",
            "id": "cloudchaser-bucket",
            "payer": "BucketOwner"
          },
          "sensitive_attributes": [],
          "private": "bnVsbA==",
          "dependencies": [
            "module.aws_s3_bucket.aws_s3_bucket.this"
          ]
        }
      ]
    },
    {
      "module": "module.aws_s3_bucket",
      "mode": "managed",
      "type": "aws_s3_bucket_server_side_encryption_configuration",
      "name": "this",
      "provider": "provider[\"registry.terraform.io/hashicorp/aws\"]",
      "instances": [
        {
          "index_key": 0,
          "schema_version": 0,
          "attributes": {
            "bucket": "cloudchaser-bucket",
            "expected_bucket_owner": "",
            "id": "cloudchaser-bucket",
            "rule": [
              {
                "apply_server_side_encryption_by_default": [
                  {
                    "kms_master_key_id": "arn:aws:kms:ap-southeast-1:614137701308:key/479e9104-40f1-4c08-b06c-be7b3a74eba0",
                    "sse_algorithm": "aws:kms"
                  }
                ],
                "bucket_key_enabled": null
              }
            ]
          },
          "sensitive_attributes": [],
          "private": "bnVsbA==",
          "dependencies": [
            "aws_kms_key.aws_s3_sse_kms_key",
            "module.aws_s3_bucket.aws_s3_bucket.this"
          ]
        }
      ]
    },
    {
      "module": "module.aws_s3_bucket",
      "mode": "managed",
      "type": "aws_s3_bucket_versioning",
      "name": "this",
      "provider": "provider[\"registry.terraform.io/hashicorp/aws\"]",
      "instances": [
        {
          "index_key": 0,
          "schema_version": 0,
          "attributes": {
            "bucket": "cloudchaser-bucket",
            "expected_bucket_owner": "",
            "id": "cloudchaser-bucket",
            "mfa": null,
            "versioning_configuration": [
              {
                "mfa_delete": "Disabled",
                "status": "Enabled"
              }
            ]
          },
          "sensitive_attributes": [],
          "private": "bnVsbA==",
          "dependencies": [
            "module.aws_s3_bucket.aws_s3_bucket.this"
          ]
        }
      ]
    },
    {
      "module": "module.aws_s3_bucket",
      "mode": "managed",
      "type": "aws_s3_bucket_website_configuration",
      "name": "this",
      "provider": "provider[\"registry.terraform.io/hashicorp/aws\"]",
      "instances": [
        {
          "index_key": 0,
          "schema_version": 0,
          "attributes": {
            "bucket": "cloudchaser-bucket",
            "error_document": [
              {
                "key": "error.html"
              }
            ],
            "expected_bucket_owner": "",
            "id": "cloudchaser-bucket",
            "index_document": [
              {
                "suffix": "index.html"
              }
            ],
            "redirect_all_requests_to": [],
            "routing_rule": [
              {
                "condition": [
                  {
                    "http_error_code_returned_equals": "",
                    "key_prefix_equals": "docs/"
                  }
                ],
                "redirect": [
                  {
                    "host_name": "",
                    "http_redirect_code": "",
                    "protocol": "",
                    "replace_key_prefix_with": "documents/",
                    "replace_key_with": ""
                  }
                ]
              },
              {
                "condition": [
                  {
                    "http_error_code_returned_equals": "404",
                    "key_prefix_equals": "archive/"
                  }
                ],
                "redirect": [
                  {
                    "host_name": "archive.myhost.com",
                    "http_redirect_code": "301",
                    "protocol": "https",
                    "replace_key_prefix_with": "",
                    "replace_key_with": "not_found.html"
                  }
                ]
              }
            ],
            "routing_rules": "[{\"Condition\":{\"KeyPrefixEquals\":\"docs/\"},\"Redirect\":{\"ReplaceKeyPrefixWith\":\"documents/\"}},{\"Condition\":{\"HttpErrorCodeReturnedEquals\":\"404\",\"KeyPrefixEquals\":\"archive/\"},\"Redirect\":{\"HostName\":\"archive.myhost.com\",\"HttpRedirectCode\":\"301\",\"Protocol\":\"https\",\"ReplaceKeyWith\":\"not_found.html\"}}]",
            "website_domain": "s3-website-ap-southeast-1.amazonaws.com",
            "website_endpoint": "cloudchaser-bucket.s3-website-ap-southeast-1.amazonaws.com"
          },
          "sensitive_attributes": [],
          "private": "bnVsbA==",
          "dependencies": [
            "module.aws_s3_bucket.aws_s3_bucket.this"
          ]
        }
      ]
    },
    {
      "module": "module.aws_s3_log_bucket",
      "mode": "data",
      "type": "aws_caller_identity",
      "name": "current",
      "provider": "provider[\"registry.terraform.io/hashicorp/aws\"]",
      "instances": [
        {
          "schema_version": 0,
          "attributes": {
            "account_id": "614137701308",
            "arn": "arn:aws:iam::614137701308:user/cloudchaseradmin",
            "id": "614137701308",
            "user_id": "AIDAY57LVUO6CAF34OEWH"
          },
          "sensitive_attributes": []
        }
      ]
    },
    {
      "module": "module.aws_s3_log_bucket",
      "mode": "data",
      "type": "aws_canonical_user_id",
      "name": "this",
      "provider": "provider[\"registry.terraform.io/hashicorp/aws\"]",
      "instances": [
        {
          "schema_version": 0,
          "attributes": {
            "display_name": "nam.dangphuong26",
            "id": "2e4e6d92ad00d463b4a9b13c781ce03622932df2c12454cf16ef8f51a3d197ef"
          },
          "sensitive_attributes": []
        }
      ]
    },
    {
      "module": "module.aws_s3_log_bucket",
      "mode": "data",
      "type": "aws_iam_policy_document",
      "name": "combined",
      "provider": "provider[\"registry.terraform.io/hashicorp/aws\"]",
      "instances": [
        {
          "index_key": 0,
          "schema_version": 0,
          "attributes": {
            "id": "2643694258",
            "json": "{\n  \"Version\": \"2012-10-17\",\n  \"Statement\": [\n    {\n      \"Sid\": \"ELBRegionAp-Southeast-1\",\n      \"Effect\": \"Allow\",\n      \"Action\": \"s3:PutObject\",\n      \"Resource\": \"arn:aws:s3:::cloudchaser-bucket-log/*\",\n      \"Principal\": {\n        \"AWS\": \"arn:aws:iam::114774131450:root\"\n      }\n    },\n    {\n      \"Sid\": \"\",\n      \"Effect\": \"Allow\",\n      \"Action\": \"s3:PutObject\",\n      \"Resource\": \"arn:aws:s3:::cloudchaser-bucket-log/*\",\n      \"Principal\": {\n        \"Service\": \"logdelivery.elasticloadbalancing.amazonaws.com\"\n      }\n    },\n    {\n      \"Sid\": \"AWSLogDeliveryWrite\",\n      \"Effect\": \"Allow\",\n      \"Action\": \"s3:PutObject\",\n      \"Resource\": \"arn:aws:s3:::cloudchaser-bucket-log/*\",\n      \"Principal\": {\n        \"Service\": \"delivery.logs.amazonaws.com\"\n      },\n      \"Condition\": {\n        \"StringEquals\": {\n          \"s3:x-amz-acl\": [\n            \"bucket-owner-full-control\"\n          ]\n        }\n      }\n    },\n    {\n      \"Sid\": \"AWSLogDeliveryAclCheck\",\n      \"Effect\": \"Allow\",\n      \"Action\": \"s3:GetBucketAcl\",\n      \"Resource\": \"arn:aws:s3:::cloudchaser-bucket-log\",\n      \"Principal\": {\n        \"Service\": \"delivery.logs.amazonaws.com\"\n      }\n    },\n    {\n      \"Sid\": \"denyOutdatedTLS\",\n      \"Effect\": \"Deny\",\n      \"Action\": \"s3:*\",\n      \"Resource\": [\n        \"arn:aws:s3:::cloudchaser-bucket-log/*\",\n        \"arn:aws:s3:::cloudchaser-bucket-log\"\n      ],\n      \"Principal\": \"*\",\n      \"Condition\": {\n        \"NumericLessThan\": {\n          \"s3:TlsVersion\": [\n            \"1.2\"\n          ]\n        }\n      }\n    },\n    {\n      \"Sid\": \"denyInsecureTransport\",\n      \"Effect\": \"Deny\",\n      \"Action\": \"s3:*\",\n      \"Resource\": [\n        \"arn:aws:s3:::cloudchaser-bucket-log/*\",\n        \"arn:aws:s3:::cloudchaser-bucket-log\"\n      ],\n      \"Principal\": \"*\",\n      \"Condition\": {\n        \"Bool\": {\n          \"aws:SecureTransport\": [\n            \"false\"\n          ]\n        }\n      }\n    }\n  ]\n}",
            "override_json": null,
            "override_policy_documents": null,
            "policy_id": null,
            "source_json": null,
            "source_policy_documents": [
              "{\n  \"Version\": \"2012-10-17\",\n  \"Statement\": [\n    {\n      \"Sid\": \"ELBRegionAp-Southeast-1\",\n      \"Effect\": \"Allow\",\n      \"Action\": \"s3:PutObject\",\n      \"Resource\": \"arn:aws:s3:::cloudchaser-bucket-log/*\",\n      \"Principal\": {\n        \"AWS\": \"arn:aws:iam::114774131450:root\"\n      }\n    },\n    {\n      \"Sid\": \"\",\n      \"Effect\": \"Allow\",\n      \"Action\": \"s3:PutObject\",\n      \"Resource\": \"arn:aws:s3:::cloudchaser-bucket-log/*\",\n      \"Principal\": {\n        \"Service\": \"logdelivery.elasticloadbalancing.amazonaws.com\"\n      }\n    }\n  ]\n}",
              "{\n  \"Version\": \"2012-10-17\",\n  \"Statement\": [\n    {\n      \"Sid\": \"AWSLogDeliveryWrite\",\n      \"Effect\": \"Allow\",\n      \"Action\": \"s3:PutObject\",\n      \"Resource\": \"arn:aws:s3:::cloudchaser-bucket-log/*\",\n      \"Principal\": {\n        \"Service\": \"delivery.logs.amazonaws.com\"\n      },\n      \"Condition\": {\n        \"StringEquals\": {\n          \"s3:x-amz-acl\": \"bucket-owner-full-control\"\n        }\n      }\n    },\n    {\n      \"Sid\": \"AWSLogDeliveryAclCheck\",\n      \"Effect\": \"Allow\",\n      \"Action\": \"s3:GetBucketAcl\",\n      \"Resource\": \"arn:aws:s3:::cloudchaser-bucket-log\",\n      \"Principal\": {\n        \"Service\": \"delivery.logs.amazonaws.com\"\n      }\n    }\n  ]\n}",
              "{\n  \"Version\": \"2012-10-17\",\n  \"Statement\": [\n    {\n      \"Sid\": \"denyOutdatedTLS\",\n      \"Effect\": \"Deny\",\n      \"Action\": \"s3:*\",\n      \"Resource\": [\n        \"arn:aws:s3:::cloudchaser-bucket-log/*\",\n        \"arn:aws:s3:::cloudchaser-bucket-log\"\n      ],\n      \"Principal\": \"*\",\n      \"Condition\": {\n        \"NumericLessThan\": {\n          \"s3:TlsVersion\": \"1.2\"\n        }\n      }\n    }\n  ]\n}",
              "{\n  \"Version\": \"2012-10-17\",\n  \"Statement\": [\n    {\n      \"Sid\": \"denyInsecureTransport\",\n      \"Effect\": \"Deny\",\n      \"Action\": \"s3:*\",\n      \"Resource\": [\n        \"arn:aws:s3:::cloudchaser-bucket-log/*\",\n        \"arn:aws:s3:::cloudchaser-bucket-log\"\n      ],\n      \"Principal\": \"*\",\n      \"Condition\": {\n        \"Bool\": {\n          \"aws:SecureTransport\": \"false\"\n        }\n      }\n    }\n  ]\n}"
            ],
            "statement": null,
            "version": "2012-10-17"
          },
          "sensitive_attributes": []
        }
      ]
    },
    {
      "module": "module.aws_s3_log_bucket",
      "mode": "data",
      "type": "aws_iam_policy_document",
      "name": "deny_insecure_transport",
      "provider": "provider[\"registry.terraform.io/hashicorp/aws\"]",
      "instances": [
        {
          "index_key": 0,
          "schema_version": 0,
          "attributes": {
            "id": "1214928410",
            "json": "{\n  \"Version\": \"2012-10-17\",\n  \"Statement\": [\n    {\n      \"Sid\": \"denyInsecureTransport\",\n      \"Effect\": \"Deny\",\n      \"Action\": \"s3:*\",\n      \"Resource\": [\n        \"arn:aws:s3:::cloudchaser-bucket-log/*\",\n        \"arn:aws:s3:::cloudchaser-bucket-log\"\n      ],\n      \"Principal\": \"*\",\n      \"Condition\": {\n        \"Bool\": {\n          \"aws:SecureTransport\": \"false\"\n        }\n      }\n    }\n  ]\n}",
            "override_json": null,
            "override_policy_documents": null,
            "policy_id": null,
            "source_json": null,
            "source_policy_documents": null,
            "statement": [
              {
                "actions": [
                  "s3:*"
                ],
                "condition": [
                  {
                    "test": "Bool",
                    "values": [
                      "false"
                    ],
                    "variable": "aws:SecureTransport"
                  }
                ],
                "effect": "Deny",
                "not_actions": [],
                "not_principals": [],
                "not_resources": [],
                "principals": [
                  {
                    "identifiers": [
                      "*"
                    ],
                    "type": "*"
                  }
                ],
                "resources": [
                  "arn:aws:s3:::cloudchaser-bucket-log",
                  "arn:aws:s3:::cloudchaser-bucket-log/*"
                ],
                "sid": "denyInsecureTransport"
              }
            ],
            "version": "2012-10-17"
          },
          "sensitive_attributes": []
        }
      ]
    },
    {
      "module": "module.aws_s3_log_bucket",
      "mode": "data",
      "type": "aws_iam_policy_document",
      "name": "elb_log_delivery",
      "provider": "provider[\"registry.terraform.io/hashicorp/aws\"]",
      "instances": [
        {
          "index_key": 0,
          "schema_version": 0,
          "attributes": {
            "id": "313154990",
            "json": "{\n  \"Version\": \"2012-10-17\",\n  \"Statement\": [\n    {\n      \"Sid\": \"ELBRegionAp-Southeast-1\",\n      \"Effect\": \"Allow\",\n      \"Action\": \"s3:PutObject\",\n      \"Resource\": \"arn:aws:s3:::cloudchaser-bucket-log/*\",\n      \"Principal\": {\n        \"AWS\": \"arn:aws:iam::114774131450:root\"\n      }\n    },\n    {\n      \"Sid\": \"\",\n      \"Effect\": \"Allow\",\n      \"Action\": \"s3:PutObject\",\n      \"Resource\": \"arn:aws:s3:::cloudchaser-bucket-log/*\",\n      \"Principal\": {\n        \"Service\": \"logdelivery.elasticloadbalancing.amazonaws.com\"\n      }\n    }\n  ]\n}",
            "override_json": null,
            "override_policy_documents": null,
            "policy_id": null,
            "source_json": null,
            "source_policy_documents": null,
            "statement": [
              {
                "actions": [
                  "s3:PutObject"
                ],
                "condition": [],
                "effect": "Allow",
                "not_actions": [],
                "not_principals": [],
                "not_resources": [],
                "principals": [
                  {
                    "identifiers": [
                      "arn:aws:iam::114774131450:root"
                    ],
                    "type": "AWS"
                  }
                ],
                "resources": [
                  "arn:aws:s3:::cloudchaser-bucket-log/*"
                ],
                "sid": "ELBRegionAp-Southeast-1"
              },
              {
                "actions": [
                  "s3:PutObject"
                ],
                "condition": [],
                "effect": "Allow",
                "not_actions": [],
                "not_principals": [],
                "not_resources": [],
                "principals": [
                  {
                    "identifiers": [
                      "logdelivery.elasticloadbalancing.amazonaws.com"
                    ],
                    "type": "Service"
                  }
                ],
                "resources": [
                  "arn:aws:s3:::cloudchaser-bucket-log/*"
                ],
                "sid": ""
              }
            ],
            "version": "2012-10-17"
          },
          "sensitive_attributes": []
        }
      ]
    },
    {
      "module": "module.aws_s3_log_bucket",
      "mode": "data",
      "type": "aws_iam_policy_document",
      "name": "lb_log_delivery",
      "provider": "provider[\"registry.terraform.io/hashicorp/aws\"]",
      "instances": [
        {
          "index_key": 0,
          "schema_version": 0,
          "attributes": {
            "id": "3494471853",
            "json": "{\n  \"Version\": \"2012-10-17\",\n  \"Statement\": [\n    {\n      \"Sid\": \"AWSLogDeliveryWrite\",\n      \"Effect\": \"Allow\",\n      \"Action\": \"s3:PutObject\",\n      \"Resource\": \"arn:aws:s3:::cloudchaser-bucket-log/*\",\n      \"Principal\": {\n        \"Service\": \"delivery.logs.amazonaws.com\"\n      },\n      \"Condition\": {\n        \"StringEquals\": {\n          \"s3:x-amz-acl\": \"bucket-owner-full-control\"\n        }\n      }\n    },\n    {\n      \"Sid\": \"AWSLogDeliveryAclCheck\",\n      \"Effect\": \"Allow\",\n      \"Action\": \"s3:GetBucketAcl\",\n      \"Resource\": \"arn:aws:s3:::cloudchaser-bucket-log\",\n      \"Principal\": {\n        \"Service\": \"delivery.logs.amazonaws.com\"\n      }\n    }\n  ]\n}",
            "override_json": null,
            "override_policy_documents": null,
            "policy_id": null,
            "source_json": null,
            "source_policy_documents": null,
            "statement": [
              {
                "actions": [
                  "s3:PutObject"
                ],
                "condition": [
                  {
                    "test": "StringEquals",
                    "values": [
                      "bucket-owner-full-control"
                    ],
                    "variable": "s3:x-amz-acl"
                  }
                ],
                "effect": "Allow",
                "not_actions": [],
                "not_principals": [],
                "not_resources": [],
                "principals": [
                  {
                    "identifiers": [
                      "delivery.logs.amazonaws.com"
                    ],
                    "type": "Service"
                  }
                ],
                "resources": [
                  "arn:aws:s3:::cloudchaser-bucket-log/*"
                ],
                "sid": "AWSLogDeliveryWrite"
              },
              {
                "actions": [
                  "s3:GetBucketAcl"
                ],
                "condition": [],
                "effect": "Allow",
                "not_actions": [],
                "not_principals": [],
                "not_resources": [],
                "principals": [
                  {
                    "identifiers": [
                      "delivery.logs.amazonaws.com"
                    ],
                    "type": "Service"
                  }
                ],
                "resources": [
                  "arn:aws:s3:::cloudchaser-bucket-log"
                ],
                "sid": "AWSLogDeliveryAclCheck"
              }
            ],
            "version": "2012-10-17"
          },
          "sensitive_attributes": []
        }
      ]
    },
    {
      "module": "module.aws_s3_log_bucket",
      "mode": "data",
      "type": "aws_iam_policy_document",
      "name": "require_latest_tls",
      "provider": "provider[\"registry.terraform.io/hashicorp/aws\"]",
      "instances": [
        {
          "index_key": 0,
          "schema_version": 0,
          "attributes": {
            "id": "2588660043",
            "json": "{\n  \"Version\": \"2012-10-17\",\n  \"Statement\": [\n    {\n      \"Sid\": \"denyOutdatedTLS\",\n      \"Effect\": \"Deny\",\n      \"Action\": \"s3:*\",\n      \"Resource\": [\n        \"arn:aws:s3:::cloudchaser-bucket-log/*\",\n        \"arn:aws:s3:::cloudchaser-bucket-log\"\n      ],\n      \"Principal\": \"*\",\n      \"Condition\": {\n        \"NumericLessThan\": {\n          \"s3:TlsVersion\": \"1.2\"\n        }\n      }\n    }\n  ]\n}",
            "override_json": null,
            "override_policy_documents": null,
            "policy_id": null,
            "source_json": null,
            "source_policy_documents": null,
            "statement": [
              {
                "actions": [
                  "s3:*"
                ],
                "condition": [
                  {
                    "test": "NumericLessThan",
                    "values": [
                      "1.2"
                    ],
                    "variable": "s3:TlsVersion"
                  }
                ],
                "effect": "Deny",
                "not_actions": [],
                "not_principals": [],
                "not_resources": [],
                "principals": [
                  {
                    "identifiers": [
                      "*"
                    ],
                    "type": "*"
                  }
                ],
                "resources": [
                  "arn:aws:s3:::cloudchaser-bucket-log",
                  "arn:aws:s3:::cloudchaser-bucket-log/*"
                ],
                "sid": "denyOutdatedTLS"
              }
            ],
            "version": "2012-10-17"
          },
          "sensitive_attributes": []
        }
      ]
    },
    {
      "module": "module.aws_s3_log_bucket",
      "mode": "data",
      "type": "aws_region",
      "name": "current",
      "provider": "provider[\"registry.terraform.io/hashicorp/aws\"]",
      "instances": [
        {
          "schema_version": 0,
          "attributes": {
            "description": "Asia Pacific (Singapore)",
            "endpoint": "ec2.ap-southeast-1.amazonaws.com",
            "id": "ap-southeast-1",
            "name": "ap-southeast-1"
          },
          "sensitive_attributes": []
        }
      ]
    },
    {
      "module": "module.aws_s3_log_bucket",
      "mode": "managed",
      "type": "aws_s3_bucket",
      "name": "this",
      "provider": "provider[\"registry.terraform.io/hashicorp/aws\"]",
      "instances": [
        {
          "index_key": 0,
          "schema_version": 0,
          "attributes": {
            "acceleration_status": "",
            "acl": null,
            "arn": "arn:aws:s3:::cloudchaser-bucket-log",
            "bucket": "cloudchaser-bucket-log",
            "bucket_domain_name": "cloudchaser-bucket-log.s3.amazonaws.com",
            "bucket_prefix": null,
            "bucket_regional_domain_name": "cloudchaser-bucket-log.s3.ap-southeast-1.amazonaws.com",
            "cors_rule": [],
            "force_destroy": true,
            "grant": [
              {
                "id": "2e4e6d92ad00d463b4a9b13c781ce03622932df2c12454cf16ef8f51a3d197ef",
                "permissions": [
                  "FULL_CONTROL"
                ],
                "type": "CanonicalUser",
                "uri": ""
              }
            ],
            "hosted_zone_id": "Z3O0J2DXBE1FTB",
            "id": "cloudchaser-bucket-log",
            "lifecycle_rule": [],
            "logging": [],
            "object_lock_configuration": [],
            "object_lock_enabled": false,
            "policy": "",
            "region": "ap-southeast-1",
            "replication_configuration": [],
            "request_payer": "BucketOwner",
            "server_side_encryption_configuration": [
              {
                "rule": [
                  {
                    "apply_server_side_encryption_by_default": [
                      {
                        "kms_master_key_id": "",
                        "sse_algorithm": "AES256"
                      }
                    ],
                    "bucket_key_enabled": false
                  }
                ]
              }
            ],
            "tags": null,
            "tags_all": {},
            "timeouts": null,
            "versioning": [
              {
                "enabled": false,
                "mfa_delete": false
              }
            ],
            "website": [],
            "website_domain": null,
            "website_endpoint": null
          },
          "sensitive_attributes": [],
          "private": "eyJlMmJmYjczMC1lY2FhLTExZTYtOGY4OC0zNDM2M2JjN2M0YzAiOnsiY3JlYXRlIjoxMjAwMDAwMDAwMDAwLCJkZWxldGUiOjM2MDAwMDAwMDAwMDAsInJlYWQiOjEyMDAwMDAwMDAwMDAsInVwZGF0ZSI6MTIwMDAwMDAwMDAwMH19"
        }
      ]
    },
    {
      "module": "module.aws_s3_log_bucket",
      "mode": "managed",
      "type": "aws_s3_bucket_acl",
      "name": "this",
      "provider": "provider[\"registry.terraform.io/hashicorp/aws\"]",
      "instances": [
        {
          "index_key": 0,
          "schema_version": 0,
          "attributes": {
            "access_control_policy": [
              {
                "grant": [
                  {
                    "grantee": [
                      {
                        "display_name": "",
                        "email_address": "",
                        "id": "",
                        "type": "Group",
                        "uri": "http://acs.amazonaws.com/groups/s3/LogDelivery"
                      }
                    ],
                    "permission": "READ_ACP"
                  },
                  {
                    "grantee": [
                      {
                        "display_name": "",
                        "email_address": "",
                        "id": "",
                        "type": "Group",
                        "uri": "http://acs.amazonaws.com/groups/s3/LogDelivery"
                      }
                    ],
                    "permission": "WRITE"
                  },
                  {
                    "grantee": [
                      {
                        "display_name": "nam.dangphuong26",
                        "email_address": "",
                        "id": "2e4e6d92ad00d463b4a9b13c781ce03622932df2c12454cf16ef8f51a3d197ef",
                        "type": "CanonicalUser",
                        "uri": ""
                      }
                    ],
                    "permission": "FULL_CONTROL"
                  }
                ],
                "owner": [
                  {
                    "display_name": "nam.dangphuong26",
                    "id": "2e4e6d92ad00d463b4a9b13c781ce03622932df2c12454cf16ef8f51a3d197ef"
                  }
                ]
              }
            ],
            "acl": "log-delivery-write",
            "bucket": "cloudchaser-bucket-log",
            "expected_bucket_owner": "",
            "id": "cloudchaser-bucket-log,log-delivery-write"
          },
          "sensitive_attributes": [],
          "private": "bnVsbA==",
          "dependencies": [
            "module.aws_s3_log_bucket.aws_s3_bucket.this",
            "module.aws_s3_log_bucket.aws_s3_bucket_ownership_controls.this",
            "module.aws_s3_log_bucket.data.aws_canonical_user_id.this"
          ]
        }
      ]
    },
    {
      "module": "module.aws_s3_log_bucket",
      "mode": "managed",
      "type": "aws_s3_bucket_policy",
      "name": "this",
      "provider": "provider[\"registry.terraform.io/hashicorp/aws\"]",
      "instances": [
        {
          "index_key": 0,
          "schema_version": 0,
          "attributes": {
            "bucket": "cloudchaser-bucket-log",
            "id": "cloudchaser-bucket-log",
            "policy": "{\"Statement\":[{\"Action\":\"s3:PutObject\",\"Effect\":\"Allow\",\"Principal\":{\"AWS\":\"arn:aws:iam::114774131450:root\"},\"Resource\":\"arn:aws:s3:::cloudchaser-bucket-log/*\",\"Sid\":\"ELBRegionAp-Southeast-1\"},{\"Action\":\"s3:PutObject\",\"Effect\":\"Allow\",\"Principal\":{\"Service\":\"logdelivery.elasticloadbalancing.amazonaws.com\"},\"Resource\":\"arn:aws:s3:::cloudchaser-bucket-log/*\",\"Sid\":\"\"},{\"Action\":\"s3:PutObject\",\"Condition\":{\"StringEquals\":{\"s3:x-amz-acl\":[\"bucket-owner-full-control\"]}},\"Effect\":\"Allow\",\"Principal\":{\"Service\":\"delivery.logs.amazonaws.com\"},\"Resource\":\"arn:aws:s3:::cloudchaser-bucket-log/*\",\"Sid\":\"AWSLogDeliveryWrite\"},{\"Action\":\"s3:GetBucketAcl\",\"Effect\":\"Allow\",\"Principal\":{\"Service\":\"delivery.logs.amazonaws.com\"},\"Resource\":\"arn:aws:s3:::cloudchaser-bucket-log\",\"Sid\":\"AWSLogDeliveryAclCheck\"},{\"Action\":\"s3:*\",\"Condition\":{\"NumericLessThan\":{\"s3:TlsVersion\":[\"1.2\"]}},\"Effect\":\"Deny\",\"Principal\":\"*\",\"Resource\":[\"arn:aws:s3:::cloudchaser-bucket-log/*\",\"arn:aws:s3:::cloudchaser-bucket-log\"],\"Sid\":\"denyOutdatedTLS\"},{\"Action\":\"s3:*\",\"Condition\":{\"Bool\":{\"aws:SecureTransport\":[\"false\"]}},\"Effect\":\"Deny\",\"Principal\":\"*\",\"Resource\":[\"arn:aws:s3:::cloudchaser-bucket-log/*\",\"arn:aws:s3:::cloudchaser-bucket-log\"],\"Sid\":\"denyInsecureTransport\"}],\"Version\":\"2012-10-17\"}"
          },
          "sensitive_attributes": [],
          "private": "bnVsbA==",
          "dependencies": [
            "module.aws_s3_log_bucket.aws_s3_bucket.this",
            "module.aws_s3_log_bucket.data.aws_iam_policy_document.combined",
            "module.aws_s3_log_bucket.data.aws_iam_policy_document.deny_insecure_transport",
            "module.aws_s3_log_bucket.data.aws_iam_policy_document.elb_log_delivery",
            "module.aws_s3_log_bucket.data.aws_iam_policy_document.inventory_and_analytics_destination_policy",
            "module.aws_s3_log_bucket.data.aws_iam_policy_document.lb_log_delivery",
            "module.aws_s3_log_bucket.data.aws_iam_policy_document.require_latest_tls",
            "module.aws_s3_log_bucket.data.aws_region.current"
          ]
        }
      ]
    },
    {
      "module": "module.aws_s3_log_bucket",
      "mode": "managed",
      "type": "aws_s3_bucket_public_access_block",
      "name": "this",
      "provider": "provider[\"registry.terraform.io/hashicorp/aws\"]",
      "instances": [
        {
          "index_key": 0,
          "schema_version": 0,
          "attributes": {
            "block_public_acls": false,
            "block_public_policy": false,
            "bucket": "cloudchaser-bucket-log",
            "id": "cloudchaser-bucket-log",
            "ignore_public_acls": false,
            "restrict_public_buckets": false
          },
          "sensitive_attributes": [],
          "private": "bnVsbA==",
          "dependencies": [
            "module.aws_s3_log_bucket.aws_s3_bucket.this",
            "module.aws_s3_log_bucket.aws_s3_bucket_policy.this",
            "module.aws_s3_log_bucket.data.aws_iam_policy_document.combined",
            "module.aws_s3_log_bucket.data.aws_iam_policy_document.deny_insecure_transport",
            "module.aws_s3_log_bucket.data.aws_iam_policy_document.elb_log_delivery",
            "module.aws_s3_log_bucket.data.aws_iam_policy_document.inventory_and_analytics_destination_policy",
            "module.aws_s3_log_bucket.data.aws_iam_policy_document.lb_log_delivery",
            "module.aws_s3_log_bucket.data.aws_iam_policy_document.require_latest_tls",
            "module.aws_s3_log_bucket.data.aws_region.current"
          ]
        }
      ]
    },
    {
      "module": "module.aws_sg_instance",
      "mode": "managed",
      "type": "aws_security_group",
      "name": "this_name_prefix",
      "provider": "provider[\"registry.terraform.io/hashicorp/aws\"]",
      "instances": [
        {
          "index_key": 0,
          "schema_version": 1,
          "attributes": {
            "arn": "arn:aws:ec2:ap-southeast-1:614137701308:security-group/sg-05370c2de095ff548",
            "description": "Security Group managed by Terraform",
            "egress": [],
            "id": "sg-05370c2de095ff548",
            "ingress": [],
            "name": "CloudChaser-demo-sg-instance-20230322104541280800000003",
            "name_prefix": "CloudChaser-demo-sg-instance-",
            "owner_id": "614137701308",
            "revoke_rules_on_delete": false,
            "tags": {
              "Name": "CloudChaser-demo-sg-instance"
            },
            "tags_all": {
              "Name": "CloudChaser-demo-sg-instance"
            },
            "timeouts": {
              "create": "10m",
              "delete": "15m"
            },
            "vpc_id": "vpc-024735e7212dc8ffe"
          },
          "sensitive_attributes": [],
          "private": "eyJlMmJmYjczMC1lY2FhLTExZTYtOGY4OC0zNDM2M2JjN2M0YzAiOnsiY3JlYXRlIjo2MDAwMDAwMDAwMDAsImRlbGV0ZSI6OTAwMDAwMDAwMDAwfSwic2NoZW1hX3ZlcnNpb24iOiIxIn0=",
          "dependencies": [
            "module.aws_vpc.aws_vpc.this"
          ],
          "create_before_destroy": true
        }
      ]
    },
    {
      "module": "module.aws_sg_instance",
      "mode": "managed",
      "type": "aws_security_group_rule",
      "name": "egress_rules",
      "provider": "provider[\"registry.terraform.io/hashicorp/aws\"]",
      "instances": [
        {
          "index_key": 0,
          "schema_version": 2,
          "attributes": {
            "cidr_blocks": [
              "0.0.0.0/0"
            ],
            "description": "All protocols",
            "from_port": -1,
            "id": "sgrule-1838143024",
            "ipv6_cidr_blocks": [
              "::/0"
            ],
            "prefix_list_ids": [],
            "protocol": "-1",
            "security_group_id": "sg-05370c2de095ff548",
            "security_group_rule_id": "",
            "self": false,
            "source_security_group_id": null,
            "timeouts": null,
            "to_port": -1,
            "type": "egress"
          },
          "sensitive_attributes": [],
          "private": "eyJlMmJmYjczMC1lY2FhLTExZTYtOGY4OC0zNDM2M2JjN2M0YzAiOnsiY3JlYXRlIjozMDAwMDAwMDAwMDB9LCJzY2hlbWFfdmVyc2lvbiI6IjIifQ==",
          "dependencies": [
            "module.aws_sg_instance.aws_security_group.this",
            "module.aws_sg_instance.aws_security_group.this_name_prefix",
            "module.aws_vpc.aws_vpc.this"
          ]
        }
      ]
    },
    {
      "module": "module.aws_sg_instance",
      "mode": "managed",
      "type": "aws_security_group_rule",
      "name": "ingress_with_source_security_group_id",
      "provider": "provider[\"registry.terraform.io/hashicorp/aws\"]",
      "instances": [
        {
          "index_key": 0,
          "schema_version": 2,
          "attributes": {
            "cidr_blocks": null,
            "description": "HTTP from load balancer",
            "from_port": 80,
            "id": "sgrule-1474553964",
            "ipv6_cidr_blocks": null,
            "prefix_list_ids": [],
            "protocol": "tcp",
            "security_group_id": "sg-05370c2de095ff548",
            "security_group_rule_id": "sgr-0737b766f78a8ba7d",
            "self": false,
            "source_security_group_id": "sg-0958c486b4dea1cd0",
            "timeouts": null,
            "to_port": 80,
            "type": "ingress"
          },
          "sensitive_attributes": [],
          "private": "eyJlMmJmYjczMC1lY2FhLTExZTYtOGY4OC0zNDM2M2JjN2M0YzAiOnsiY3JlYXRlIjozMDAwMDAwMDAwMDB9LCJzY2hlbWFfdmVyc2lvbiI6IjIifQ==",
          "dependencies": [
            "module.aws_sg_instance.aws_security_group.this",
            "module.aws_sg_instance.aws_security_group.this_name_prefix",
            "module.aws_sg_loadbalancer.aws_security_group.this",
            "module.aws_sg_loadbalancer.aws_security_group.this_name_prefix",
            "module.aws_vpc.aws_vpc.this"
          ]
        },
        {
          "index_key": 1,
          "schema_version": 2,
          "attributes": {
            "cidr_blocks": null,
            "description": "HTTPs from load balancer",
            "from_port": 443,
            "id": "sgrule-2894379930",
            "ipv6_cidr_blocks": null,
            "prefix_list_ids": [],
            "protocol": "tcp",
            "security_group_id": "sg-05370c2de095ff548",
            "security_group_rule_id": "sgr-0aa89230ce507a1fe",
            "self": false,
            "source_security_group_id": "sg-0958c486b4dea1cd0",
            "timeouts": null,
            "to_port": 443,
            "type": "ingress"
          },
          "sensitive_attributes": [],
          "private": "eyJlMmJmYjczMC1lY2FhLTExZTYtOGY4OC0zNDM2M2JjN2M0YzAiOnsiY3JlYXRlIjozMDAwMDAwMDAwMDB9LCJzY2hlbWFfdmVyc2lvbiI6IjIifQ==",
          "dependencies": [
            "module.aws_sg_instance.aws_security_group.this",
            "module.aws_sg_instance.aws_security_group.this_name_prefix",
            "module.aws_sg_loadbalancer.aws_security_group.this",
            "module.aws_sg_loadbalancer.aws_security_group.this_name_prefix",
            "module.aws_vpc.aws_vpc.this"
          ]
        },
        {
          "index_key": 2,
          "schema_version": 2,
          "attributes": {
            "cidr_blocks": null,
            "description": "ICMP from load balancer",
            "from_port": -1,
            "id": "sgrule-1618075110",
            "ipv6_cidr_blocks": null,
            "prefix_list_ids": [],
            "protocol": "icmp",
            "security_group_id": "sg-05370c2de095ff548",
            "security_group_rule_id": "sgr-05a72448a26747d02",
            "self": false,
            "source_security_group_id": "sg-0958c486b4dea1cd0",
            "timeouts": null,
            "to_port": -1,
            "type": "ingress"
          },
          "sensitive_attributes": [],
          "private": "eyJlMmJmYjczMC1lY2FhLTExZTYtOGY4OC0zNDM2M2JjN2M0YzAiOnsiY3JlYXRlIjozMDAwMDAwMDAwMDB9LCJzY2hlbWFfdmVyc2lvbiI6IjIifQ==",
          "dependencies": [
            "module.aws_sg_instance.aws_security_group.this",
            "module.aws_sg_instance.aws_security_group.this_name_prefix",
            "module.aws_sg_loadbalancer.aws_security_group.this",
            "module.aws_sg_loadbalancer.aws_security_group.this_name_prefix",
            "module.aws_vpc.aws_vpc.this"
          ]
        }
      ]
    },
    {
      "module": "module.aws_sg_loadbalancer",
      "mode": "managed",
      "type": "aws_security_group",
      "name": "this_name_prefix",
      "provider": "provider[\"registry.terraform.io/hashicorp/aws\"]",
      "instances": [
        {
          "index_key": 0,
          "schema_version": 1,
          "attributes": {
            "arn": "arn:aws:ec2:ap-southeast-1:614137701308:security-group/sg-0958c486b4dea1cd0",
            "description": "Security Group managed by Terraform",
            "egress": [],
            "id": "sg-0958c486b4dea1cd0",
            "ingress": [],
            "name": "CloudChaser-demo-sg-loadbalancer-20230322104541576700000007",
            "name_prefix": "CloudChaser-demo-sg-loadbalancer-",
            "owner_id": "614137701308",
            "revoke_rules_on_delete": false,
            "tags": {
              "Name": "CloudChaser-demo-sg-loadbalancer"
            },
            "tags_all": {
              "Name": "CloudChaser-demo-sg-loadbalancer"
            },
            "timeouts": {
              "create": "10m",
              "delete": "15m"
            },
            "vpc_id": "vpc-024735e7212dc8ffe"
          },
          "sensitive_attributes": [],
          "private": "eyJlMmJmYjczMC1lY2FhLTExZTYtOGY4OC0zNDM2M2JjN2M0YzAiOnsiY3JlYXRlIjo2MDAwMDAwMDAwMDAsImRlbGV0ZSI6OTAwMDAwMDAwMDAwfSwic2NoZW1hX3ZlcnNpb24iOiIxIn0=",
          "dependencies": [
            "module.aws_vpc.aws_vpc.this"
          ],
          "create_before_destroy": true
        }
      ]
    },
    {
      "module": "module.aws_sg_loadbalancer",
      "mode": "managed",
      "type": "aws_security_group_rule",
      "name": "egress_rules",
      "provider": "provider[\"registry.terraform.io/hashicorp/aws\"]",
      "instances": [
        {
          "index_key": 0,
          "schema_version": 2,
          "attributes": {
            "cidr_blocks": [
              "0.0.0.0/0"
            ],
            "description": "All protocols",
            "from_port": -1,
            "id": "sgrule-1395629619",
            "ipv6_cidr_blocks": [
              "::/0"
            ],
            "prefix_list_ids": [],
            "protocol": "-1",
            "security_group_id": "sg-0958c486b4dea1cd0",
            "security_group_rule_id": "",
            "self": false,
            "source_security_group_id": null,
            "timeouts": null,
            "to_port": -1,
            "type": "egress"
          },
          "sensitive_attributes": [],
          "private": "eyJlMmJmYjczMC1lY2FhLTExZTYtOGY4OC0zNDM2M2JjN2M0YzAiOnsiY3JlYXRlIjozMDAwMDAwMDAwMDB9LCJzY2hlbWFfdmVyc2lvbiI6IjIifQ==",
          "dependencies": [
            "module.aws_sg_loadbalancer.aws_security_group.this",
            "module.aws_sg_loadbalancer.aws_security_group.this_name_prefix",
            "module.aws_vpc.aws_vpc.this"
          ]
        }
      ]
    },
    {
      "module": "module.aws_sg_loadbalancer",
      "mode": "managed",
      "type": "aws_security_group_rule",
      "name": "ingress_with_cidr_blocks",
      "provider": "provider[\"registry.terraform.io/hashicorp/aws\"]",
      "instances": [
        {
          "index_key": 0,
          "schema_version": 2,
          "attributes": {
            "cidr_blocks": [
              "0.0.0.0/0"
            ],
            "description": "Ingress Rule",
            "from_port": 80,
            "id": "sgrule-503533112",
            "ipv6_cidr_blocks": null,
            "prefix_list_ids": [],
            "protocol": "tcp",
            "security_group_id": "sg-0958c486b4dea1cd0",
            "security_group_rule_id": "sgr-0d942d57852da68b4",
            "self": false,
            "source_security_group_id": null,
            "timeouts": null,
            "to_port": 80,
            "type": "ingress"
          },
          "sensitive_attributes": [],
          "private": "eyJlMmJmYjczMC1lY2FhLTExZTYtOGY4OC0zNDM2M2JjN2M0YzAiOnsiY3JlYXRlIjozMDAwMDAwMDAwMDB9LCJzY2hlbWFfdmVyc2lvbiI6IjIifQ==",
          "dependencies": [
            "module.aws_sg_loadbalancer.aws_security_group.this",
            "module.aws_sg_loadbalancer.aws_security_group.this_name_prefix",
            "module.aws_vpc.aws_vpc.this"
          ]
        },
        {
          "index_key": 1,
          "schema_version": 2,
          "attributes": {
            "cidr_blocks": [
              "0.0.0.0/0"
            ],
            "description": "Ingress Rule",
            "from_port": 443,
            "id": "sgrule-551070877",
            "ipv6_cidr_blocks": null,
            "prefix_list_ids": [],
            "protocol": "tcp",
            "security_group_id": "sg-0958c486b4dea1cd0",
            "security_group_rule_id": "sgr-0850e0b1bcb200dab",
            "self": false,
            "source_security_group_id": null,
            "timeouts": null,
            "to_port": 443,
            "type": "ingress"
          },
          "sensitive_attributes": [],
          "private": "eyJlMmJmYjczMC1lY2FhLTExZTYtOGY4OC0zNDM2M2JjN2M0YzAiOnsiY3JlYXRlIjozMDAwMDAwMDAwMDB9LCJzY2hlbWFfdmVyc2lvbiI6IjIifQ==",
          "dependencies": [
            "module.aws_sg_loadbalancer.aws_security_group.this",
            "module.aws_sg_loadbalancer.aws_security_group.this_name_prefix",
            "module.aws_vpc.aws_vpc.this"
          ]
        },
        {
          "index_key": 2,
          "schema_version": 2,
          "attributes": {
            "cidr_blocks": [
              "0.0.0.0/0"
            ],
            "description": "Ingress Rule",
            "from_port": -1,
            "id": "sgrule-4239493976",
            "ipv6_cidr_blocks": null,
            "prefix_list_ids": [],
            "protocol": "icmp",
            "security_group_id": "sg-0958c486b4dea1cd0",
            "security_group_rule_id": "sgr-03059d6870780eb42",
            "self": false,
            "source_security_group_id": null,
            "timeouts": null,
            "to_port": -1,
            "type": "ingress"
          },
          "sensitive_attributes": [],
          "private": "eyJlMmJmYjczMC1lY2FhLTExZTYtOGY4OC0zNDM2M2JjN2M0YzAiOnsiY3JlYXRlIjozMDAwMDAwMDAwMDB9LCJzY2hlbWFfdmVyc2lvbiI6IjIifQ==",
          "dependencies": [
            "module.aws_sg_loadbalancer.aws_security_group.this",
            "module.aws_sg_loadbalancer.aws_security_group.this_name_prefix",
            "module.aws_vpc.aws_vpc.this"
          ]
        }
      ]
    },
    {
      "module": "module.aws_sg_rds",
      "mode": "managed",
      "type": "aws_security_group",
      "name": "this_name_prefix",
      "provider": "provider[\"registry.terraform.io/hashicorp/aws\"]",
      "instances": [
        {
          "index_key": 0,
          "schema_version": 1,
          "attributes": {
            "arn": "arn:aws:ec2:ap-southeast-1:614137701308:security-group/sg-0221cb57bb702353b",
            "description": "Security Group managed by Terraform",
            "egress": [],
            "id": "sg-0221cb57bb702353b",
            "ingress": [],
            "name": "CloudChaser-demo-sg-rds-20230322104541566400000005",
            "name_prefix": "CloudChaser-demo-sg-rds-",
            "owner_id": "614137701308",
            "revoke_rules_on_delete": false,
            "tags": {
              "Name": "CloudChaser-demo-sg-rds"
            },
            "tags_all": {
              "Name": "CloudChaser-demo-sg-rds"
            },
            "timeouts": {
              "create": "10m",
              "delete": "15m"
            },
            "vpc_id": "vpc-024735e7212dc8ffe"
          },
          "sensitive_attributes": [],
          "private": "eyJlMmJmYjczMC1lY2FhLTExZTYtOGY4OC0zNDM2M2JjN2M0YzAiOnsiY3JlYXRlIjo2MDAwMDAwMDAwMDAsImRlbGV0ZSI6OTAwMDAwMDAwMDAwfSwic2NoZW1hX3ZlcnNpb24iOiIxIn0=",
          "dependencies": [
            "module.aws_vpc.aws_vpc.this"
          ],
          "create_before_destroy": true
        }
      ]
    },
    {
      "module": "module.aws_sg_rds",
      "mode": "managed",
      "type": "aws_security_group_rule",
      "name": "ingress_with_source_security_group_id",
      "provider": "provider[\"registry.terraform.io/hashicorp/aws\"]",
      "instances": [
        {
          "index_key": 0,
          "schema_version": 2,
          "attributes": {
            "cidr_blocks": null,
            "description": "Ingress Rule",
            "from_port": 3306,
            "id": "sgrule-2463846638",
            "ipv6_cidr_blocks": null,
            "prefix_list_ids": [],
            "protocol": "tcp",
            "security_group_id": "sg-0221cb57bb702353b",
            "security_group_rule_id": "sgr-061ffea9e2eb645d1",
            "self": false,
            "source_security_group_id": "sg-05370c2de095ff548",
            "timeouts": null,
            "to_port": 3306,
            "type": "ingress"
          },
          "sensitive_attributes": [],
          "private": "eyJlMmJmYjczMC1lY2FhLTExZTYtOGY4OC0zNDM2M2JjN2M0YzAiOnsiY3JlYXRlIjozMDAwMDAwMDAwMDB9LCJzY2hlbWFfdmVyc2lvbiI6IjIifQ==",
          "dependencies": [
            "module.aws_sg_instance.aws_security_group.this",
            "module.aws_sg_instance.aws_security_group.this_name_prefix",
            "module.aws_sg_rds.aws_security_group.this",
            "module.aws_sg_rds.aws_security_group.this_name_prefix",
            "module.aws_vpc.aws_vpc.this"
          ]
        }
      ]
    },
    {
      "module": "module.aws_vpc",
      "mode": "managed",
      "type": "aws_db_subnet_group",
      "name": "database",
      "provider": "provider[\"registry.terraform.io/hashicorp/aws\"]",
      "instances": [
        {
          "index_key": 0,
          "schema_version": 0,
          "attributes": {
            "arn": "arn:aws:rds:ap-southeast-1:614137701308:subgrp:my-db-subnet-group",
            "description": "Database subnet group for CloudChaser-demo",
            "id": "my-db-subnet-group",
            "name": "my-db-subnet-group",
            "name_prefix": "",
            "subnet_ids": [
              "subnet-01d71e28f92a6f4b7",
              "subnet-078c92b3b7b72ca35"
            ],
            "supported_network_types": [
              "IPV4"
            ],
            "tags": {
              "Environment": "dev",
              "Name": "my-db-subnet-group",
              "Terraform": "true"
            },
            "tags_all": {
              "Environment": "dev",
              "Name": "my-db-subnet-group",
              "Terraform": "true"
            }
          },
          "sensitive_attributes": [],
          "private": "bnVsbA==",
          "dependencies": [
            "module.aws_vpc.aws_subnet.database",
            "module.aws_vpc.aws_vpc.this",
            "module.aws_vpc.aws_vpc_ipv4_cidr_block_association.this"
          ]
        }
      ]
    },
    {
      "module": "module.aws_vpc",
      "mode": "managed",
      "type": "aws_internet_gateway",
      "name": "this",
      "provider": "provider[\"registry.terraform.io/hashicorp/aws\"]",
      "instances": [
        {
          "index_key": 0,
          "schema_version": 0,
          "attributes": {
            "arn": "arn:aws:ec2:ap-southeast-1:614137701308:internet-gateway/igw-0a6e78e3f0e9359cb",
            "id": "igw-0a6e78e3f0e9359cb",
            "owner_id": "614137701308",
            "tags": {
              "Environment": "dev",
              "Name": "CloudChaser-demo",
              "Terraform": "true"
            },
            "tags_all": {
              "Environment": "dev",
              "Name": "CloudChaser-demo",
              "Terraform": "true"
            },
            "timeouts": null,
            "vpc_id": "vpc-024735e7212dc8ffe"
          },
          "sensitive_attributes": [],
          "private": "eyJlMmJmYjczMC1lY2FhLTExZTYtOGY4OC0zNDM2M2JjN2M0YzAiOnsiY3JlYXRlIjoxMjAwMDAwMDAwMDAwLCJkZWxldGUiOjEyMDAwMDAwMDAwMDAsInVwZGF0ZSI6MTIwMDAwMDAwMDAwMH19",
          "dependencies": [
            "module.aws_vpc.aws_vpc.this",
            "module.aws_vpc.aws_vpc_ipv4_cidr_block_association.this"
          ]
        }
      ]
    },
    {
      "module": "module.aws_vpc",
      "mode": "managed",
      "type": "aws_route",
      "name": "public_internet_gateway",
      "provider": "provider[\"registry.terraform.io/hashicorp/aws\"]",
      "instances": [
        {
          "index_key": 0,
          "schema_version": 0,
          "attributes": {
            "carrier_gateway_id": "",
            "core_network_arn": "",
            "destination_cidr_block": "0.0.0.0/0",
            "destination_ipv6_cidr_block": "",
            "destination_prefix_list_id": "",
            "egress_only_gateway_id": "",
            "gateway_id": "igw-0a6e78e3f0e9359cb",
            "id": "r-rtb-00900d2dde5e11b2f1080289494",
            "instance_id": "",
            "instance_owner_id": "",
            "local_gateway_id": "",
            "nat_gateway_id": "",
            "network_interface_id": "",
            "origin": "CreateRoute",
            "route_table_id": "rtb-00900d2dde5e11b2f",
            "state": "active",
            "timeouts": {
              "create": "5m",
              "delete": null,
              "update": null
            },
            "transit_gateway_id": "",
            "vpc_endpoint_id": "",
            "vpc_peering_connection_id": ""
          },
          "sensitive_attributes": [],
          "private": "eyJlMmJmYjczMC1lY2FhLTExZTYtOGY4OC0zNDM2M2JjN2M0YzAiOnsiY3JlYXRlIjozMDAwMDAwMDAwMDAsImRlbGV0ZSI6MzAwMDAwMDAwMDAwLCJ1cGRhdGUiOjEyMDAwMDAwMDAwMH19",
          "dependencies": [
            "module.aws_vpc.aws_internet_gateway.this",
            "module.aws_vpc.aws_route_table.public",
            "module.aws_vpc.aws_vpc.this",
            "module.aws_vpc.aws_vpc_ipv4_cidr_block_association.this"
          ]
        }
      ]
    },
    {
      "module": "module.aws_vpc",
      "mode": "managed",
      "type": "aws_route_table",
      "name": "private",
      "provider": "provider[\"registry.terraform.io/hashicorp/aws\"]",
      "instances": [
        {
          "index_key": 0,
          "schema_version": 0,
          "attributes": {
            "arn": "arn:aws:ec2:ap-southeast-1:614137701308:route-table/rtb-092dfa484d28ad46c",
            "id": "rtb-092dfa484d28ad46c",
            "owner_id": "614137701308",
            "propagating_vgws": [],
            "route": [],
            "tags": {
              "Environment": "dev",
              "Name": "CloudChaser-demo-private-ap-southeast-1a",
              "Terraform": "true"
            },
            "tags_all": {
              "Environment": "dev",
              "Name": "CloudChaser-demo-private-ap-southeast-1a",
              "Terraform": "true"
            },
            "timeouts": null,
            "vpc_id": "vpc-024735e7212dc8ffe"
          },
          "sensitive_attributes": [],
          "private": "eyJlMmJmYjczMC1lY2FhLTExZTYtOGY4OC0zNDM2M2JjN2M0YzAiOnsiY3JlYXRlIjozMDAwMDAwMDAwMDAsImRlbGV0ZSI6MzAwMDAwMDAwMDAwLCJ1cGRhdGUiOjEyMDAwMDAwMDAwMH19",
          "dependencies": [
            "module.aws_vpc.aws_vpc.this",
            "module.aws_vpc.aws_vpc_ipv4_cidr_block_association.this"
          ]
        },
        {
          "index_key": 1,
          "schema_version": 0,
          "attributes": {
            "arn": "arn:aws:ec2:ap-southeast-1:614137701308:route-table/rtb-09999fe1bc228e3d7",
            "id": "rtb-09999fe1bc228e3d7",
            "owner_id": "614137701308",
            "propagating_vgws": [],
            "route": [],
            "tags": {
              "Environment": "dev",
              "Name": "CloudChaser-demo-private-ap-southeast-1b",
              "Terraform": "true"
            },
            "tags_all": {
              "Environment": "dev",
              "Name": "CloudChaser-demo-private-ap-southeast-1b",
              "Terraform": "true"
            },
            "timeouts": null,
            "vpc_id": "vpc-024735e7212dc8ffe"
          },
          "sensitive_attributes": [],
          "private": "eyJlMmJmYjczMC1lY2FhLTExZTYtOGY4OC0zNDM2M2JjN2M0YzAiOnsiY3JlYXRlIjozMDAwMDAwMDAwMDAsImRlbGV0ZSI6MzAwMDAwMDAwMDAwLCJ1cGRhdGUiOjEyMDAwMDAwMDAwMH19",
          "dependencies": [
            "module.aws_vpc.aws_vpc.this",
            "module.aws_vpc.aws_vpc_ipv4_cidr_block_association.this"
          ]
        }
      ]
    },
    {
      "module": "module.aws_vpc",
      "mode": "managed",
      "type": "aws_route_table",
      "name": "public",
      "provider": "provider[\"registry.terraform.io/hashicorp/aws\"]",
      "instances": [
        {
          "index_key": 0,
          "schema_version": 0,
          "attributes": {
            "arn": "arn:aws:ec2:ap-southeast-1:614137701308:route-table/rtb-00900d2dde5e11b2f",
            "id": "rtb-00900d2dde5e11b2f",
            "owner_id": "614137701308",
            "propagating_vgws": [],
            "route": [],
            "tags": {
              "Environment": "dev",
              "Name": "CloudChaser-demo-public",
              "Terraform": "true"
            },
            "tags_all": {
              "Environment": "dev",
              "Name": "CloudChaser-demo-public",
              "Terraform": "true"
            },
            "timeouts": null,
            "vpc_id": "vpc-024735e7212dc8ffe"
          },
          "sensitive_attributes": [],
          "private": "eyJlMmJmYjczMC1lY2FhLTExZTYtOGY4OC0zNDM2M2JjN2M0YzAiOnsiY3JlYXRlIjozMDAwMDAwMDAwMDAsImRlbGV0ZSI6MzAwMDAwMDAwMDAwLCJ1cGRhdGUiOjEyMDAwMDAwMDAwMH19",
          "dependencies": [
            "module.aws_vpc.aws_vpc.this",
            "module.aws_vpc.aws_vpc_ipv4_cidr_block_association.this"
          ]
        }
      ]
    },
    {
      "module": "module.aws_vpc",
      "mode": "managed",
      "type": "aws_route_table_association",
      "name": "database",
      "provider": "provider[\"registry.terraform.io/hashicorp/aws\"]",
      "instances": [
        {
          "index_key": 0,
          "schema_version": 0,
          "attributes": {
            "gateway_id": "",
            "id": "rtbassoc-07edd4daa4701b9a3",
            "route_table_id": "rtb-092dfa484d28ad46c",
            "subnet_id": "subnet-01d71e28f92a6f4b7"
          },
          "sensitive_attributes": [],
          "private": "bnVsbA==",
          "dependencies": [
            "module.aws_vpc.aws_route_table.database",
            "module.aws_vpc.aws_route_table.private",
            "module.aws_vpc.aws_subnet.database",
            "module.aws_vpc.aws_vpc.this",
            "module.aws_vpc.aws_vpc_ipv4_cidr_block_association.this"
          ]
        },
        {
          "index_key": 1,
          "schema_version": 0,
          "attributes": {
            "gateway_id": "",
            "id": "rtbassoc-06d5c3ed1a4610ff8",
            "route_table_id": "rtb-09999fe1bc228e3d7",
            "subnet_id": "subnet-078c92b3b7b72ca35"
          },
          "sensitive_attributes": [],
          "private": "bnVsbA==",
          "dependencies": [
            "module.aws_vpc.aws_route_table.database",
            "module.aws_vpc.aws_route_table.private",
            "module.aws_vpc.aws_subnet.database",
            "module.aws_vpc.aws_vpc.this",
            "module.aws_vpc.aws_vpc_ipv4_cidr_block_association.this"
          ]
        }
      ]
    },
    {
      "module": "module.aws_vpc",
      "mode": "managed",
      "type": "aws_route_table_association",
      "name": "private",
      "provider": "provider[\"registry.terraform.io/hashicorp/aws\"]",
      "instances": [
        {
          "index_key": 0,
          "schema_version": 0,
          "attributes": {
            "gateway_id": "",
            "id": "rtbassoc-07a218274f11e087b",
            "route_table_id": "rtb-092dfa484d28ad46c",
            "subnet_id": "subnet-0aaa6fd994e5027b5"
          },
          "sensitive_attributes": [],
          "private": "bnVsbA==",
          "dependencies": [
            "module.aws_vpc.aws_route_table.private",
            "module.aws_vpc.aws_subnet.private",
            "module.aws_vpc.aws_vpc.this",
            "module.aws_vpc.aws_vpc_ipv4_cidr_block_association.this"
          ]
        },
        {
          "index_key": 1,
          "schema_version": 0,
          "attributes": {
            "gateway_id": "",
            "id": "rtbassoc-0ecfec83f29bba9eb",
            "route_table_id": "rtb-09999fe1bc228e3d7",
            "subnet_id": "subnet-0e4c609c246515641"
          },
          "sensitive_attributes": [],
          "private": "bnVsbA==",
          "dependencies": [
            "module.aws_vpc.aws_route_table.private",
            "module.aws_vpc.aws_subnet.private",
            "module.aws_vpc.aws_vpc.this",
            "module.aws_vpc.aws_vpc_ipv4_cidr_block_association.this"
          ]
        }
      ]
    },
    {
      "module": "module.aws_vpc",
      "mode": "managed",
      "type": "aws_route_table_association",
      "name": "public",
      "provider": "provider[\"registry.terraform.io/hashicorp/aws\"]",
      "instances": [
        {
          "index_key": 0,
          "schema_version": 0,
          "attributes": {
            "gateway_id": "",
            "id": "rtbassoc-063b61ec8ea3a78fe",
            "route_table_id": "rtb-00900d2dde5e11b2f",
            "subnet_id": "subnet-02feccfdb0de9270c"
          },
          "sensitive_attributes": [],
          "private": "bnVsbA==",
          "dependencies": [
            "module.aws_vpc.aws_route_table.public",
            "module.aws_vpc.aws_subnet.public",
            "module.aws_vpc.aws_vpc.this",
            "module.aws_vpc.aws_vpc_ipv4_cidr_block_association.this"
          ]
        },
        {
          "index_key": 1,
          "schema_version": 0,
          "attributes": {
            "gateway_id": "",
            "id": "rtbassoc-027600fc5016be593",
            "route_table_id": "rtb-00900d2dde5e11b2f",
            "subnet_id": "subnet-08bcee6c8a7695e9e"
          },
          "sensitive_attributes": [],
          "private": "bnVsbA==",
          "dependencies": [
            "module.aws_vpc.aws_route_table.public",
            "module.aws_vpc.aws_subnet.public",
            "module.aws_vpc.aws_vpc.this",
            "module.aws_vpc.aws_vpc_ipv4_cidr_block_association.this"
          ]
        }
      ]
    },
    {
      "module": "module.aws_vpc",
      "mode": "managed",
      "type": "aws_subnet",
      "name": "database",
      "provider": "provider[\"registry.terraform.io/hashicorp/aws\"]",
      "instances": [
        {
          "index_key": 0,
          "schema_version": 1,
          "attributes": {
            "arn": "arn:aws:ec2:ap-southeast-1:614137701308:subnet/subnet-01d71e28f92a6f4b7",
            "assign_ipv6_address_on_creation": false,
            "availability_zone": "ap-southeast-1a",
            "availability_zone_id": "apse1-az2",
            "cidr_block": "10.0.160.0/20",
            "customer_owned_ipv4_pool": "",
            "enable_dns64": false,
            "enable_resource_name_dns_a_record_on_launch": false,
            "enable_resource_name_dns_aaaa_record_on_launch": false,
            "id": "subnet-01d71e28f92a6f4b7",
            "ipv6_cidr_block": "",
            "ipv6_cidr_block_association_id": "",
            "ipv6_native": false,
            "map_customer_owned_ip_on_launch": false,
            "map_public_ip_on_launch": false,
            "outpost_arn": "",
            "owner_id": "614137701308",
            "private_dns_hostname_type_on_launch": "ip-name",
            "tags": {
              "Environment": "dev",
              "Name": "CloudChaser-demo-db-ap-southeast-1a",
              "Terraform": "true"
            },
            "tags_all": {
              "Environment": "dev",
              "Name": "CloudChaser-demo-db-ap-southeast-1a",
              "Terraform": "true"
            },
            "timeouts": null,
            "vpc_id": "vpc-024735e7212dc8ffe"
          },
          "sensitive_attributes": [],
          "private": "eyJlMmJmYjczMC1lY2FhLTExZTYtOGY4OC0zNDM2M2JjN2M0YzAiOnsiY3JlYXRlIjo2MDAwMDAwMDAwMDAsImRlbGV0ZSI6MTIwMDAwMDAwMDAwMH0sInNjaGVtYV92ZXJzaW9uIjoiMSJ9",
          "dependencies": [
            "module.aws_vpc.aws_vpc.this",
            "module.aws_vpc.aws_vpc_ipv4_cidr_block_association.this"
          ]
        },
        {
          "index_key": 1,
          "schema_version": 1,
          "attributes": {
            "arn": "arn:aws:ec2:ap-southeast-1:614137701308:subnet/subnet-078c92b3b7b72ca35",
            "assign_ipv6_address_on_creation": false,
            "availability_zone": "ap-southeast-1b",
            "availability_zone_id": "apse1-az1",
            "cidr_block": "10.0.176.0/20",
            "customer_owned_ipv4_pool": "",
            "enable_dns64": false,
            "enable_resource_name_dns_a_record_on_launch": false,
            "enable_resource_name_dns_aaaa_record_on_launch": false,
            "id": "subnet-078c92b3b7b72ca35",
            "ipv6_cidr_block": "",
            "ipv6_cidr_block_association_id": "",
            "ipv6_native": false,
            "map_customer_owned_ip_on_launch": false,
            "map_public_ip_on_launch": false,
            "outpost_arn": "",
            "owner_id": "614137701308",
            "private_dns_hostname_type_on_launch": "ip-name",
            "tags": {
              "Environment": "dev",
              "Name": "CloudChaser-demo-db-ap-southeast-1b",
              "Terraform": "true"
            },
            "tags_all": {
              "Environment": "dev",
              "Name": "CloudChaser-demo-db-ap-southeast-1b",
              "Terraform": "true"
            },
            "timeouts": null,
            "vpc_id": "vpc-024735e7212dc8ffe"
          },
          "sensitive_attributes": [],
          "private": "eyJlMmJmYjczMC1lY2FhLTExZTYtOGY4OC0zNDM2M2JjN2M0YzAiOnsiY3JlYXRlIjo2MDAwMDAwMDAwMDAsImRlbGV0ZSI6MTIwMDAwMDAwMDAwMH0sInNjaGVtYV92ZXJzaW9uIjoiMSJ9",
          "dependencies": [
            "module.aws_vpc.aws_vpc.this",
            "module.aws_vpc.aws_vpc_ipv4_cidr_block_association.this"
          ]
        }
      ]
    },
    {
      "module": "module.aws_vpc",
      "mode": "managed",
      "type": "aws_subnet",
      "name": "private",
      "provider": "provider[\"registry.terraform.io/hashicorp/aws\"]",
      "instances": [
        {
          "index_key": 0,
          "schema_version": 1,
          "attributes": {
            "arn": "arn:aws:ec2:ap-southeast-1:614137701308:subnet/subnet-0aaa6fd994e5027b5",
            "assign_ipv6_address_on_creation": false,
            "availability_zone": "ap-southeast-1a",
            "availability_zone_id": "apse1-az2",
            "cidr_block": "10.0.128.0/20",
            "customer_owned_ipv4_pool": "",
            "enable_dns64": false,
            "enable_resource_name_dns_a_record_on_launch": false,
            "enable_resource_name_dns_aaaa_record_on_launch": false,
            "id": "subnet-0aaa6fd994e5027b5",
            "ipv6_cidr_block": "",
            "ipv6_cidr_block_association_id": "",
            "ipv6_native": false,
            "map_customer_owned_ip_on_launch": false,
            "map_public_ip_on_launch": false,
            "outpost_arn": "",
            "owner_id": "614137701308",
            "private_dns_hostname_type_on_launch": "ip-name",
            "tags": {
              "Environment": "dev",
              "Name": "CloudChaser-demo-private-ap-southeast-1a",
              "Terraform": "true"
            },
            "tags_all": {
              "Environment": "dev",
              "Name": "CloudChaser-demo-private-ap-southeast-1a",
              "Terraform": "true"
            },
            "timeouts": null,
            "vpc_id": "vpc-024735e7212dc8ffe"
          },
          "sensitive_attributes": [],
          "private": "eyJlMmJmYjczMC1lY2FhLTExZTYtOGY4OC0zNDM2M2JjN2M0YzAiOnsiY3JlYXRlIjo2MDAwMDAwMDAwMDAsImRlbGV0ZSI6MTIwMDAwMDAwMDAwMH0sInNjaGVtYV92ZXJzaW9uIjoiMSJ9",
          "dependencies": [
            "module.aws_vpc.aws_vpc.this",
            "module.aws_vpc.aws_vpc_ipv4_cidr_block_association.this"
          ],
          "create_before_destroy": true
        },
        {
          "index_key": 1,
          "schema_version": 1,
          "attributes": {
            "arn": "arn:aws:ec2:ap-southeast-1:614137701308:subnet/subnet-0e4c609c246515641",
            "assign_ipv6_address_on_creation": false,
            "availability_zone": "ap-southeast-1b",
            "availability_zone_id": "apse1-az1",
            "cidr_block": "10.0.144.0/20",
            "customer_owned_ipv4_pool": "",
            "enable_dns64": false,
            "enable_resource_name_dns_a_record_on_launch": false,
            "enable_resource_name_dns_aaaa_record_on_launch": false,
            "id": "subnet-0e4c609c246515641",
            "ipv6_cidr_block": "",
            "ipv6_cidr_block_association_id": "",
            "ipv6_native": false,
            "map_customer_owned_ip_on_launch": false,
            "map_public_ip_on_launch": false,
            "outpost_arn": "",
            "owner_id": "614137701308",
            "private_dns_hostname_type_on_launch": "ip-name",
            "tags": {
              "Environment": "dev",
              "Name": "CloudChaser-demo-private-ap-southeast-1b",
              "Terraform": "true"
            },
            "tags_all": {
              "Environment": "dev",
              "Name": "CloudChaser-demo-private-ap-southeast-1b",
              "Terraform": "true"
            },
            "timeouts": null,
            "vpc_id": "vpc-024735e7212dc8ffe"
          },
          "sensitive_attributes": [],
          "private": "eyJlMmJmYjczMC1lY2FhLTExZTYtOGY4OC0zNDM2M2JjN2M0YzAiOnsiY3JlYXRlIjo2MDAwMDAwMDAwMDAsImRlbGV0ZSI6MTIwMDAwMDAwMDAwMH0sInNjaGVtYV92ZXJzaW9uIjoiMSJ9",
          "dependencies": [
            "module.aws_vpc.aws_vpc.this",
            "module.aws_vpc.aws_vpc_ipv4_cidr_block_association.this"
          ],
          "create_before_destroy": true
        }
      ]
    },
    {
      "module": "module.aws_vpc",
      "mode": "managed",
      "type": "aws_subnet",
      "name": "public",
      "provider": "provider[\"registry.terraform.io/hashicorp/aws\"]",
      "instances": [
        {
          "index_key": 0,
          "schema_version": 1,
          "attributes": {
            "arn": "arn:aws:ec2:ap-southeast-1:614137701308:subnet/subnet-02feccfdb0de9270c",
            "assign_ipv6_address_on_creation": false,
            "availability_zone": "ap-southeast-1a",
            "availability_zone_id": "apse1-az2",
            "cidr_block": "10.0.0.0/20",
            "customer_owned_ipv4_pool": "",
            "enable_dns64": false,
            "enable_resource_name_dns_a_record_on_launch": false,
            "enable_resource_name_dns_aaaa_record_on_launch": false,
            "id": "subnet-02feccfdb0de9270c",
            "ipv6_cidr_block": "",
            "ipv6_cidr_block_association_id": "",
            "ipv6_native": false,
            "map_customer_owned_ip_on_launch": false,
            "map_public_ip_on_launch": true,
            "outpost_arn": "",
            "owner_id": "614137701308",
            "private_dns_hostname_type_on_launch": "ip-name",
            "tags": {
              "Environment": "dev",
              "Name": "CloudChaser-demo-public-ap-southeast-1a",
              "Terraform": "true"
            },
            "tags_all": {
              "Environment": "dev",
              "Name": "CloudChaser-demo-public-ap-southeast-1a",
              "Terraform": "true"
            },
            "timeouts": null,
            "vpc_id": "vpc-024735e7212dc8ffe"
          },
          "sensitive_attributes": [],
          "private": "eyJlMmJmYjczMC1lY2FhLTExZTYtOGY4OC0zNDM2M2JjN2M0YzAiOnsiY3JlYXRlIjo2MDAwMDAwMDAwMDAsImRlbGV0ZSI6MTIwMDAwMDAwMDAwMH0sInNjaGVtYV92ZXJzaW9uIjoiMSJ9",
          "dependencies": [
            "module.aws_vpc.aws_vpc.this",
            "module.aws_vpc.aws_vpc_ipv4_cidr_block_association.this"
          ]
        },
        {
          "index_key": 1,
          "schema_version": 1,
          "attributes": {
            "arn": "arn:aws:ec2:ap-southeast-1:614137701308:subnet/subnet-08bcee6c8a7695e9e",
            "assign_ipv6_address_on_creation": false,
            "availability_zone": "ap-southeast-1b",
            "availability_zone_id": "apse1-az1",
            "cidr_block": "10.0.16.0/20",
            "customer_owned_ipv4_pool": "",
            "enable_dns64": false,
            "enable_resource_name_dns_a_record_on_launch": false,
            "enable_resource_name_dns_aaaa_record_on_launch": false,
            "id": "subnet-08bcee6c8a7695e9e",
            "ipv6_cidr_block": "",
            "ipv6_cidr_block_association_id": "",
            "ipv6_native": false,
            "map_customer_owned_ip_on_launch": false,
            "map_public_ip_on_launch": true,
            "outpost_arn": "",
            "owner_id": "614137701308",
            "private_dns_hostname_type_on_launch": "ip-name",
            "tags": {
              "Environment": "dev",
              "Name": "CloudChaser-demo-public-ap-southeast-1b",
              "Terraform": "true"
            },
            "tags_all": {
              "Environment": "dev",
              "Name": "CloudChaser-demo-public-ap-southeast-1b",
              "Terraform": "true"
            },
            "timeouts": null,
            "vpc_id": "vpc-024735e7212dc8ffe"
          },
          "sensitive_attributes": [],
          "private": "eyJlMmJmYjczMC1lY2FhLTExZTYtOGY4OC0zNDM2M2JjN2M0YzAiOnsiY3JlYXRlIjo2MDAwMDAwMDAwMDAsImRlbGV0ZSI6MTIwMDAwMDAwMDAwMH0sInNjaGVtYV92ZXJzaW9uIjoiMSJ9",
          "dependencies": [
            "module.aws_vpc.aws_vpc.this",
            "module.aws_vpc.aws_vpc_ipv4_cidr_block_association.this"
          ]
        }
      ]
    },
    {
      "module": "module.aws_vpc",
      "mode": "managed",
      "type": "aws_vpc",
      "name": "this",
      "provider": "provider[\"registry.terraform.io/hashicorp/aws\"]",
      "instances": [
        {
          "index_key": 0,
          "schema_version": 1,
          "attributes": {
            "arn": "arn:aws:ec2:ap-southeast-1:614137701308:vpc/vpc-024735e7212dc8ffe",
            "assign_generated_ipv6_cidr_block": false,
            "cidr_block": "10.0.0.0/16",
            "default_network_acl_id": "acl-0dcf080f0f85a93ac",
            "default_route_table_id": "rtb-04f4990382dd622ce",
            "default_security_group_id": "sg-060e854e76aa2b185",
            "dhcp_options_id": "dopt-0e126fe771d61a5e2",
            "enable_classiclink": false,
            "enable_classiclink_dns_support": false,
            "enable_dns_hostnames": true,
            "enable_dns_support": true,
            "enable_network_address_usage_metrics": false,
            "id": "vpc-024735e7212dc8ffe",
            "instance_tenancy": "default",
            "ipv4_ipam_pool_id": null,
            "ipv4_netmask_length": null,
            "ipv6_association_id": "",
            "ipv6_cidr_block": "",
            "ipv6_cidr_block_network_border_group": "",
            "ipv6_ipam_pool_id": "",
            "ipv6_netmask_length": 0,
            "main_route_table_id": "rtb-04f4990382dd622ce",
            "owner_id": "614137701308",
            "tags": {
              "Environment": "dev",
              "Name": "CloudChaser-demo",
              "Terraform": "true"
            },
            "tags_all": {
              "Environment": "dev",
              "Name": "CloudChaser-demo",
              "Terraform": "true"
            }
          },
          "sensitive_attributes": [],
          "private": "eyJzY2hlbWFfdmVyc2lvbiI6IjEifQ==",
          "create_before_destroy": true
        }
      ]
    }
  ],
  "check_results": null
}
